
Microsoft Visual Studio Solution File, Format Version 12.00
# Visual Studio Version 16
VisualStudioVersion = 16.0.31911.196
MinimumVisualStudioVersion = 10.0.40219.1
Project("{8BC9CEB8-8B4A-11D0-8D11-00A0C91BC942}") = "vd1", "vd1\vd1.vcxproj", "{0442C48D-1BE9-4E88-8747-AF3AC42B7B50}"
EndProject
Project("{8BC9CEB8-8B4A-11D0-8D11-00A0C91BC942}") = "vd2", "vd2\vd2.vcxproj", "{CA963F92-AF23-4051-B8DF-B7CDB3F4CF26}"
EndProject
Project("{8BC9CEB8-8B4A-11D0-8D11-00A0C91BC942}") = "vd3", "vd3\vd3.vcxproj", "{8E9B8750-2979-4E2D-BAE3-131E024DDE5C}"
EndProject
Project("{8BC9CEB8-8B4A-11D0-8D11-00A0C91BC942}") = "vd4", "vd4\vd4.vcxproj", "{031062F1-239E-4455-A59E-43E74FDFC945}"
EndProject
Project("{8BC9CEB8-8B4A-11D0-8D11-00A0C91BC942}") = "vd5", "vd5\vd5.vcxproj", "{FA6D9035-F2F1-4410-AEBE-0B058E753581}"
EndProject
Project("{8BC9CEB8-8B4A-11D0-8D11-00A0C91BC942}") = "vd6", "vd6\vd6.vcxproj", "{A5A922F7-4795-49E7-B846-EAA27F6BA673}"
EndProject
Project("{8BC9CEB8-8B4A-11D0-8D11-00A0C91BC942}") = "vd7", "vd7\vd7.vcxproj", "{46AD6830-4222-4231-9B19-F3384F5374EB}"
EndProject
Project("{8BC9CEB8-8B4A-11D0-8D11-00A0C91BC942}") = "vd8", "vd8\vd8.vcxproj", "{71AA8342-AB89-4231-8D23-4764EF533634}"
EndProject
Project("{8BC9CEB8-8B4A-11D0-8D11-00A0C91BC942}") = "vd9", "vd9\vd9.vcxproj", "{9D942DB6-EFC0-4A43-8486-9F4B306C929B}"
EndProject
Project("{8BC9CEB8-8B4A-11D0-8D11-00A0C91BC942}") = "001", "001\001.vcxproj", "{5506CFA2-AD39-450D-9318-180F7B4B5E7F}"
EndProject
Project("{8BC9CEB8-8B4A-11D0-8D11-00A0C91BC942}") = "002", "002\002.vcxproj", "{E513CC4B-B5BF-4AA0-B76C-2B72147EC370}"
EndProject
Project("{8BC9CEB8-8B4A-11D0-8D11-00A0C91BC942}") = "003", "003\003.vcxproj", "{549D1D5E-F37F-4CA9-8982-1D20F95F2E43}"
EndProject
Project("{8BC9CEB8-8B4A-11D0-8D11-00A0C91BC942}") = "004", "004\004.vcxproj", "{4FB7137F-FE9C-4F3E-B566-EF064AF6AAB0}"
EndProject
Project("{8BC9CEB8-8B4A-11D0-8D11-00A0C91BC942}") = "005", "005\005.vcxproj", "{D960C0C5-C167-44A9-9FAF-0F5C9FC12C36}"
EndProject
Project("{8BC9CEB8-8B4A-11D0-8D11-00A0C91BC942}") = "006", "006\006.vcxproj", "{D4C6EDD0-B43B-4F3D-B8CF-B100B82AE80C}"
EndProject
Project("{8BC9CEB8-8B4A-11D0-8D11-00A0C91BC942}") = "007", "007\007.vcxproj", "{8C81444F-FFAF-4E2B-BBF2-E27ECDA7B193}"
EndProject
Project("{8BC9CEB8-8B4A-11D0-8D11-00A0C91BC942}") = "008", "008\008.vcxproj", "{538A36F3-72C6-4468-B8F8-DB751D6EDBBA}"
EndProject
Project("{8BC9CEB8-8B4A-11D0-8D11-00A0C91BC942}") = "009", "009\009.vcxproj", "{696723FE-2723-48C2-BD0A-A88297E0BBBD}"
EndProject
Project("{8BC9CEB8-8B4A-11D0-8D11-00A0C91BC942}") = "010", "010\010.vcxproj", "{2002A6F2-750E-4397-B2A7-3C5BD2A8BB55}"
EndProject
Global
	GlobalSection(SolutionConfigurationPlatforms) = preSolution
		Debug|x64 = Debug|x64
		Debug|x86 = Debug|x86
		Release|x64 = Release|x64
		Release|x86 = Release|x86
	EndGlobalSection
	GlobalSection(ProjectConfigurationPlatforms) = postSolution
		{0442C48D-1BE9-4E88-8747-AF3AC42B7B50}.Debug|x64.ActiveCfg = Debug|x64
		{0442C48D-1BE9-4E88-8747-AF3AC42B7B50}.Debug|x64.Build.0 = Debug|x64
		{0442C48D-1BE9-4E88-8747-AF3AC42B7B50}.Debug|x86.ActiveCfg = Debug|Win32
		{0442C48D-1BE9-4E88-8747-AF3AC42B7B50}.Debug|x86.Build.0 = Debug|Win32
		{0442C48D-1BE9-4E88-8747-AF3AC42B7B50}.Release|x64.ActiveCfg = Release|x64
		{0442C48D-1BE9-4E88-8747-AF3AC42B7B50}.Release|x64.Build.0 = Release|x64
		{0442C48D-1BE9-4E88-8747-AF3AC42B7B50}.Release|x86.ActiveCfg = Release|Win32
		{0442C48D-1BE9-4E88-8747-AF3AC42B7B50}.Release|x86.Build.0 = Release|Win32
		{CA963F92-AF23-4051-B8DF-B7CDB3F4CF26}.Debug|x64.ActiveCfg = Debug|x64
		{CA963F92-AF23-4051-B8DF-B7CDB3F4CF26}.Debug|x64.Build.0 = Debug|x64
		{CA963F92-AF23-4051-B8DF-B7CDB3F4CF26}.Debug|x86.ActiveCfg = Debug|Win32
		{CA963F92-AF23-4051-B8DF-B7CDB3F4CF26}.Debug|x86.Build.0 = Debug|Win32
		{CA963F92-AF23-4051-B8DF-B7CDB3F4CF26}.Release|x64.ActiveCfg = Release|x64
		{CA963F92-AF23-4051-B8DF-B7CDB3F4CF26}.Release|x64.Build.0 = Release|x64
		{CA963F92-AF23-4051-B8DF-B7CDB3F4CF26}.Release|x86.ActiveCfg = Release|Win32
		{CA963F92-AF23-4051-B8DF-B7CDB3F4CF26}.Release|x86.Build.0 = Release|Win32
		{8E9B8750-2979-4E2D-BAE3-131E024DDE5C}.Debug|x64.ActiveCfg = Debug|x64
		{8E9B8750-2979-4E2D-BAE3-131E024DDE5C}.Debug|x64.Build.0 = Debug|x64
		{8E9B8750-2979-4E2D-BAE3-131E024DDE5C}.Debug|x86.ActiveCfg = Debug|Win32
		{8E9B8750-2979-4E2D-BAE3-131E024DDE5C}.Debug|x86.Build.0 = Debug|Win32
		{8E9B8750-2979-4E2D-BAE3-131E024DDE5C}.Release|x64.ActiveCfg = Release|x64
		{8E9B8750-2979-4E2D-BAE3-131E024DDE5C}.Release|x64.Build.0 = Release|x64
		{8E9B8750-2979-4E2D-BAE3-131E024DDE5C}.Release|x86.ActiveCfg = Release|Win32
		{8E9B8750-2979-4E2D-BAE3-131E024DDE5C}.Release|x86.Build.0 = Release|Win32
		{031062F1-239E-4455-A59E-43E74FDFC945}.Debug|x64.ActiveCfg = Debug|x64
		{031062F1-239E-4455-A59E-43E74FDFC945}.Debug|x64.Build.0 = Debug|x64
		{031062F1-239E-4455-A59E-43E74FDFC945}.Debug|x86.ActiveCfg = Debug|Win32
		{031062F1-239E-4455-A59E-43E74FDFC945}.Debug|x86.Build.0 = Debug|Win32
		{031062F1-239E-4455-A59E-43E74FDFC945}.Release|x64.ActiveCfg = Release|x64
		{031062F1-239E-4455-A59E-43E74FDFC945}.Release|x64.Build.0 = Release|x64
		{031062F1-239E-4455-A59E-43E74FDFC945}.Release|x86.ActiveCfg = Release|Win32
		{031062F1-239E-4455-A59E-43E74FDFC945}.Release|x86.Build.0 = Release|Win32
		{FA6D9035-F2F1-4410-AEBE-0B058E753581}.Debug|x64.ActiveCfg = Debug|x64
		{FA6D9035-F2F1-4410-AEBE-0B058E753581}.Debug|x64.Build.0 = Debug|x64
		{FA6D9035-F2F1-4410-AEBE-0B058E753581}.Debug|x86.ActiveCfg = Debug|Win32
		{FA6D9035-F2F1-4410-AEBE-0B058E753581}.Debug|x86.Build.0 = Debug|Win32
		{FA6D9035-F2F1-4410-AEBE-0B058E753581}.Release|x64.ActiveCfg = Release|x64
		{FA6D9035-F2F1-4410-AEBE-0B058E753581}.Release|x64.Build.0 = Release|x64
		{FA6D9035-F2F1-4410-AEBE-0B058E753581}.Release|x86.ActiveCfg = Release|Win32
		{FA6D9035-F2F1-4410-AEBE-0B058E753581}.Release|x86.Build.0 = Release|Win32
		{A5A922F7-4795-49E7-B846-EAA27F6BA673}.Debug|x64.ActiveCfg = Debug|x64
		{A5A922F7-4795-49E7-B846-EAA27F6BA673}.Debug|x64.Build.0 = Debug|x64
		{A5A922F7-4795-49E7-B846-EAA27F6BA673}.Debug|x86.ActiveCfg = Debug|Win32
		{A5A922F7-4795-49E7-B846-EAA27F6BA673}.Debug|x86.Build.0 = Debug|Win32
		{A5A922F7-4795-49E7-B846-EAA27F6BA673}.Release|x64.ActiveCfg = Release|x64
		{A5A922F7-4795-49E7-B846-EAA27F6BA673}.Release|x64.Build.0 = Release|x64
		{A5A922F7-4795-49E7-B846-EAA27F6BA673}.Release|x86.ActiveCfg = Release|Win32
		{A5A922F7-4795-49E7-B846-EAA27F6BA673}.Release|x86.Build.0 = Release|Win32
		{46AD6830-4222-4231-9B19-F3384F5374EB}.Debug|x64.ActiveCfg = Debug|x64
		{46AD6830-4222-4231-9B19-F3384F5374EB}.Debug|x64.Build.0 = Debug|x64
		{46AD6830-4222-4231-9B19-F3384F5374EB}.Debug|x86.ActiveCfg = Debug|Win32
		{46AD6830-4222-4231-9B19-F3384F5374EB}.Debug|x86.Build.0 = Debug|Win32
		{46AD6830-4222-4231-9B19-F3384F5374EB}.Release|x64.ActiveCfg = Release|x64
		{46AD6830-4222-4231-9B19-F3384F5374EB}.Release|x64.Build.0 = Release|x64
		{46AD6830-4222-4231-9B19-F3384F5374EB}.Release|x86.ActiveCfg = Release|Win32
		{46AD6830-4222-4231-9B19-F3384F5374EB}.Release|x86.Build.0 = Release|Win32
		{71AA8342-AB89-4231-8D23-4764EF533634}.Debug|x64.ActiveCfg = Debug|x64
		{71AA8342-AB89-4231-8D23-4764EF533634}.Debug|x64.Build.0 = Debug|x64
		{71AA8342-AB89-4231-8D23-4764EF533634}.Debug|x86.ActiveCfg = Debug|Win32
		{71AA8342-AB89-4231-8D23-4764EF533634}.Debug|x86.Build.0 = Debug|Win32
		{71AA8342-AB89-4231-8D23-4764EF533634}.Release|x64.ActiveCfg = Release|x64
		{71AA8342-AB89-4231-8D23-4764EF533634}.Release|x64.Build.0 = Release|x64
		{71AA8342-AB89-4231-8D23-4764EF533634}.Release|x86.ActiveCfg = Release|Win32
		{71AA8342-AB89-4231-8D23-4764EF533634}.Release|x86.Build.0 = Release|Win32
		{9D942DB6-EFC0-4A43-8486-9F4B306C929B}.Debug|x64.ActiveCfg = Debug|x64
		{9D942DB6-EFC0-4A43-8486-9F4B306C929B}.Debug|x64.Build.0 = Debug|x64
		{9D942DB6-EFC0-4A43-8486-9F4B306C929B}.Debug|x86.ActiveCfg = Debug|Win32
		{9D942DB6-EFC0-4A43-8486-9F4B306C929B}.Debug|x86.Build.0 = Debug|Win32
		{9D942DB6-EFC0-4A43-8486-9F4B306C929B}.Release|x64.ActiveCfg = Release|x64
		{9D942DB6-EFC0-4A43-8486-9F4B306C929B}.Release|x64.Build.0 = Release|x64
		{9D942DB6-EFC0-4A43-8486-9F4B306C929B}.Release|x86.ActiveCfg = Release|Win32
		{9D942DB6-EFC0-4A43-8486-9F4B306C929B}.Release|x86.Build.0 = Release|Win32
		{5506CFA2-AD39-450D-9318-180F7B4B5E7F}.Debug|x64.ActiveCfg = Debug|x64
		{5506CFA2-AD39-450D-9318-180F7B4B5E7F}.Debug|x64.Build.0 = Debug|x64
		{5506CFA2-AD39-450D-9318-180F7B4B5E7F}.Debug|x86.ActiveCfg = Debug|Win32
		{5506CFA2-AD39-450D-9318-180F7B4B5E7F}.Debug|x86.Build.0 = Debug|Win32
		{5506CFA2-AD39-450D-9318-180F7B4B5E7F}.Release|x64.ActiveCfg = Release|x64
		{5506CFA2-AD39-450D-9318-180F7B4B5E7F}.Release|x64.Build.0 = Release|x64
		{5506CFA2-AD39-450D-9318-180F7B4B5E7F}.Release|x86.ActiveCfg = Release|Win32
		{5506CFA2-AD39-450D-9318-180F7B4B5E7F}.Release|x86.Build.0 = Release|Win32
		{E513CC4B-B5BF-4AA0-B76C-2B72147EC370}.Debug|x64.ActiveCfg = Debug|x64
		{E513CC4B-B5BF-4AA0-B76C-2B72147EC370}.Debug|x64.Build.0 = Debug|x64
		{E513CC4B-B5BF-4AA0-B76C-2B72147EC370}.Debug|x86.ActiveCfg = Debug|Win32
		{E513CC4B-B5BF-4AA0-B76C-2B72147EC370}.Debug|x86.Build.0 = Debug|Win32
		{E513CC4B-B5BF-4AA0-B76C-2B72147EC370}.Release|x64.ActiveCfg = Release|x64
		{E513CC4B-B5BF-4AA0-B76C-2B72147EC370}.Release|x64.Build.0 = Release|x64
		{E513CC4B-B5BF-4AA0-B76C-2B72147EC370}.Release|x86.ActiveCfg = Release|Win32
		{E513CC4B-B5BF-4AA0-B76C-2B72147EC370}.Release|x86.Build.0 = Release|Win32
		{549D1D5E-F37F-4CA9-8982-1D20F95F2E43}.Debug|x64.ActiveCfg = Debug|x64
		{549D1D5E-F37F-4CA9-8982-1D20F95F2E43}.Debug|x64.Build.0 = Debug|x64
		{549D1D5E-F37F-4CA9-8982-1D20F95F2E43}.Debug|x86.ActiveCfg = Debug|Win32
		{549D1D5E-F37F-4CA9-8982-1D20F95F2E43}.Debug|x86.Build.0 = Debug|Win32
		{549D1D5E-F37F-4CA9-8982-1D20F95F2E43}.Release|x64.ActiveCfg = Release|x64
		{549D1D5E-F37F-4CA9-8982-1D20F95F2E43}.Release|x64.Build.0 = Release|x64
		{549D1D5E-F37F-4CA9-8982-1D20F95F2E43}.Release|x86.ActiveCfg = Release|Win32
		{549D1D5E-F37F-4CA9-8982-1D20F95F2E43}.Release|x86.Build.0 = Release|Win32
		{4FB7137F-FE9C-4F3E-B566-EF064AF6AAB0}.Debug|x64.ActiveCfg = Debug|x64
		{4FB7137F-FE9C-4F3E-B566-EF064AF6AAB0}.Debug|x64.Build.0 = Debug|x64
		{4FB7137F-FE9C-4F3E-B566-EF064AF6AAB0}.Debug|x86.ActiveCfg = Debug|Win32
		{4FB7137F-FE9C-4F3E-B566-EF064AF6AAB0}.Debug|x86.Build.0 = Debug|Win32
		{4FB7137F-FE9C-4F3E-B566-EF064AF6AAB0}.Release|x64.ActiveCfg = Release|x64
		{4FB7137F-FE9C-4F3E-B566-EF064AF6AAB0}.Release|x64.Build.0 = Release|x64
		{4FB7137F-FE9C-4F3E-B566-EF064AF6AAB0}.Release|x86.ActiveCfg = Release|Win32
		{4FB7137F-FE9C-4F3E-B566-EF064AF6AAB0}.Release|x86.Build.0 = Release|Win32
		{D960C0C5-C167-44A9-9FAF-0F5C9FC12C36}.Debug|x64.ActiveCfg = Debug|x64
		{D960C0C5-C167-44A9-9FAF-0F5C9FC12C36}.Debug|x64.Build.0 = Debug|x64
		{D960C0C5-C167-44A9-9FAF-0F5C9FC12C36}.Debug|x86.ActiveCfg = Debug|Win32
		{D960C0C5-C167-44A9-9FAF-0F5C9FC12C36}.Debug|x86.Build.0 = Debug|Win32
		{D960C0C5-C167-44A9-9FAF-0F5C9FC12C36}.Release|x64.ActiveCfg = Release|x64
		{D960C0C5-C167-44A9-9FAF-0F5C9FC12C36}.Release|x64.Build.0 = Release|x64
		{D960C0C5-C167-44A9-9FAF-0F5C9FC12C36}.Release|x86.ActiveCfg = Release|Win32
		{D960C0C5-C167-44A9-9FAF-0F5C9FC12C36}.Release|x86.Build.0 = Release|Win32
		{D4C6EDD0-B43B-4F3D-B8CF-B100B82AE80C}.Debug|x64.ActiveCfg = Debug|x64
		{D4C6EDD0-B43B-4F3D-B8CF-B100B82AE80C}.Debug|x64.Build.0 = Debug|x64
		{D4C6EDD0-B43B-4F3D-B8CF-B100B82AE80C}.Debug|x86.ActiveCfg = Debug|Win32
		{D4C6EDD0-B43B-4F3D-B8CF-B100B82AE80C}.Debug|x86.Build.0 = Debug|Win32
		{D4C6EDD0-B43B-4F3D-B8CF-B100B82AE80C}.Release|x64.ActiveCfg = Release|x64
		{D4C6EDD0-B43B-4F3D-B8CF-B100B82AE80C}.Release|x64.Build.0 = Release|x64
		{D4C6EDD0-B43B-4F3D-B8CF-B100B82AE80C}.Release|x86.ActiveCfg = Release|Win32
		{D4C6EDD0-B43B-4F3D-B8CF-B100B82AE80C}.Release|x86.Build.0 = Release|Win32
		{8C81444F-FFAF-4E2B-BBF2-E27ECDA7B193}.Debug|x64.ActiveCfg = Debug|x64
		{8C81444F-FFAF-4E2B-BBF2-E27ECDA7B193}.Debug|x64.Build.0 = Debug|x64
		{8C81444F-FFAF-4E2B-BBF2-E27ECDA7B193}.Debug|x86.ActiveCfg = Debug|Win32
		{8C81444F-FFAF-4E2B-BBF2-E27ECDA7B193}.Debug|x86.Build.0 = Debug|Win32
		{8C81444F-FFAF-4E2B-BBF2-E27ECDA7B193}.Release|x64.ActiveCfg = Release|x64
		{8C81444F-FFAF-4E2B-BBF2-E27ECDA7B193}.Release|x64.Build.0 = Release|x64
		{8C81444F-FFAF-4E2B-BBF2-E27ECDA7B193}.Release|x86.ActiveCfg = Release|Win32
		{8C81444F-FFAF-4E2B-BBF2-E27ECDA7B193}.Release|x86.Build.0 = Release|Win32
		{538A36F3-72C6-4468-B8F8-DB751D6EDBBA}.Debug|x64.ActiveCfg = Debug|x64
		{538A36F3-72C6-4468-B8F8-DB751D6EDBBA}.Debug|x64.Build.0 = Debug|x64
		{538A36F3-72C6-4468-B8F8-DB751D6EDBBA}.Debug|x86.ActiveCfg = Debug|Win32
		{538A36F3-72C6-4468-B8F8-DB751D6EDBBA}.Debug|x86.Build.0 = Debug|Win32
		{538A36F3-72C6-4468-B8F8-DB751D6EDBBA}.Release|x64.ActiveCfg = Release|x64
		{538A36F3-72C6-4468-B8F8-DB751D6EDBBA}.Release|x64.Build.0 = Release|x64
		{538A36F3-72C6-4468-B8F8-DB751D6EDBBA}.Release|x86.ActiveCfg = Release|Win32
		{538A36F3-72C6-4468-B8F8-DB751D6EDBBA}.Release|x86.Build.0 = Release|Win32
		{696723FE-2723-48C2-BD0A-A88297E0BBBD}.Debug|x64.ActiveCfg = Debug|x64
		{696723FE-2723-48C2-BD0A-A88297E0BBBD}.Debug|x64.Build.0 = Debug|x64
		{696723FE-2723-48C2-BD0A-A88297E0BBBD}.Debug|x86.ActiveCfg = Debug|Win32
		{696723FE-2723-48C2-BD0A-A88297E0BBBD}.Debug|x86.Build.0 = Debug|Win32
		{696723FE-2723-48C2-BD0A-A88297E0BBBD}.Release|x64.ActiveCfg = Release|x64
		{696723FE-2723-48C2-BD0A-A88297E0BBBD}.Release|x64.Build.0 = Release|x64
		{696723FE-2723-48C2-BD0A-A88297E0BBBD}.Release|x86.ActiveCfg = Release|Win32
		{696723FE-2723-48C2-BD0A-A88297E0BBBD}.Release|x86.Build.0 = Release|Win32
		{2002A6F2-750E-4397-B2A7-3C5BD2A8BB55}.Debug|x64.ActiveCfg = Debug|x64
		{2002A6F2-750E-4397-B2A7-3C5BD2A8BB55}.Debug|x64.Build.0 = Debug|x64
		{2002A6F2-750E-4397-B2A7-3C5BD2A8BB55}.Debug|x86.ActiveCfg = Debug|Win32
		{2002A6F2-750E-4397-B2A7-3C5BD2A8BB55}.Debug|x86.Build.0 = Debug|Win32
		{2002A6F2-750E-4397-B2A7-3C5BD2A8BB55}.Release|x64.ActiveCfg = Release|x64
		{2002A6F2-750E-4397-B2A7-3C5BD2A8BB55}.Release|x64.Build.0 = Release|x64
		{2002A6F2-750E-4397-B2A7-3C5BD2A8BB55}.Release|x86.ActiveCfg = Release|Win32
		{2002A6F2-750E-4397-B2A7-3C5BD2A8BB55}.Release|x86.Build.0 = Release|Win32
	EndGlobalSection
	GlobalSection(SolutionProperties) = preSolution
		HideSolutionNode = FALSE
	EndGlobalSection
	GlobalSection(ExtensibilityGlobals) = postSolution
		SolutionGuid = {7D1D7DDD-046D-4C90-9D85-060352756363}
	EndGlobalSection
EndGlobal
