
Microsoft Visual Studio Solution File, Format Version 12.00
# Visual Studio Version 16
VisualStudioVersion = 16.0.31911.196
MinimumVisualStudioVersion = 10.0.40219.1
Project("{8BC9CEB8-8B4A-11D0-8D11-00A0C91BC942}") = "000int", "000int\000int.vcxproj", "{6CDD8005-75FF-4F6E-BF56-3C0BAD69FDB4}"
EndProject
Project("{8BC9CEB8-8B4A-11D0-8D11-00A0C91BC942}") = "vd", "vd\vd.vcxproj", "{2F74C32F-6BFF-42E4-A09F-3DDE82D4C8E5}"
EndProject
Project("{8BC9CEB8-8B4A-11D0-8D11-00A0C91BC942}") = "122", "122\122.vcxproj", "{37825916-0FAE-4C27-BB74-59689ABE70B8}"
EndProject
Project("{8BC9CEB8-8B4A-11D0-8D11-00A0C91BC942}") = "123", "123\123.vcxproj", "{E0EAC7EE-FBCB-44E3-9EB8-3348CF45BF7B}"
EndProject
Project("{8BC9CEB8-8B4A-11D0-8D11-00A0C91BC942}") = "124", "124\124.vcxproj", "{CF06B8D0-DE70-462B-B8D1-E97CD0C7041D}"
EndProject
Project("{8BC9CEB8-8B4A-11D0-8D11-00A0C91BC942}") = "vd2", "vd2\vd2.vcxproj", "{8EE3ADBE-7AEE-4B8B-8905-6B7D7DE562B0}"
EndProject
Project("{8BC9CEB8-8B4A-11D0-8D11-00A0C91BC942}") = "vd3", "vd3\vd3.vcxproj", "{3D0131E0-D17B-4B8A-B73E-E3A65B1BA0EE}"
EndProject
Project("{8BC9CEB8-8B4A-11D0-8D11-00A0C91BC942}") = "vd4", "vd4\vd4.vcxproj", "{A42AED4E-B171-48D3-9E38-0C0035D08BE7}"
EndProject
Project("{8BC9CEB8-8B4A-11D0-8D11-00A0C91BC942}") = "vd5", "vd5\vd5.vcxproj", "{135E9B87-ECF3-4ED2-BF8B-1D260948D803}"
EndProject
Project("{8BC9CEB8-8B4A-11D0-8D11-00A0C91BC942}") = "vd6", "vd6\vd6.vcxproj", "{7FA904DC-3876-4AC5-9D17-F3BF64D284C5}"
EndProject
Project("{8BC9CEB8-8B4A-11D0-8D11-00A0C91BC942}") = "vd7", "vd7\vd7.vcxproj", "{44B3FC52-D5F4-4B0F-AAEB-8C7BE5F1504C}"
EndProject
Project("{8BC9CEB8-8B4A-11D0-8D11-00A0C91BC942}") = "001", "001\001.vcxproj", "{18E9B5A5-3993-4419-8A9D-AFD6FF03A3E9}"
EndProject
Project("{8BC9CEB8-8B4A-11D0-8D11-00A0C91BC942}") = "002", "002\002.vcxproj", "{A568AC31-E006-47BA-84C2-B92D78825224}"
EndProject
Project("{8BC9CEB8-8B4A-11D0-8D11-00A0C91BC942}") = "003", "003\003.vcxproj", "{3D2A214C-8A1A-46FD-B763-F490790C918D}"
EndProject
Project("{8BC9CEB8-8B4A-11D0-8D11-00A0C91BC942}") = "004", "004\004.vcxproj", "{C6F4F9A7-CA16-42E2-8C37-471FB0B9286F}"
EndProject
Project("{8BC9CEB8-8B4A-11D0-8D11-00A0C91BC942}") = "005", "005\005.vcxproj", "{9165CF62-C044-4591-84FF-1FF8814E65FE}"
EndProject
Project("{8BC9CEB8-8B4A-11D0-8D11-00A0C91BC942}") = "006", "006\006.vcxproj", "{F9CB0EC9-9B53-46D1-840A-49D3B1F6305D}"
EndProject
Project("{8BC9CEB8-8B4A-11D0-8D11-00A0C91BC942}") = "007", "007\007.vcxproj", "{A8E64031-BCB0-4132-A33A-B0AABD6E15E5}"
EndProject
Project("{8BC9CEB8-8B4A-11D0-8D11-00A0C91BC942}") = "008", "008\008.vcxproj", "{74F7379A-6199-46DA-BF50-9B4D9F978E4D}"
EndProject
Project("{8BC9CEB8-8B4A-11D0-8D11-00A0C91BC942}") = "009", "009\009.vcxproj", "{4955A83E-37E6-4DC0-8E34-5328572D6D9F}"
EndProject
Project("{8BC9CEB8-8B4A-11D0-8D11-00A0C91BC942}") = "010", "010\010.vcxproj", "{E834B014-15D3-48E8-8669-3EA25F9CAC38}"
EndProject
Project("{8BC9CEB8-8B4A-11D0-8D11-00A0C91BC942}") = "012", "012\012.vcxproj", "{4D40D0B6-497A-4FA4-94EC-70FC66847814}"
EndProject
Project("{8BC9CEB8-8B4A-11D0-8D11-00A0C91BC942}") = "015", "015\015.vcxproj", "{9873523F-1446-40FB-A1AE-C2CE0D258033}"
EndProject
Project("{8BC9CEB8-8B4A-11D0-8D11-00A0C91BC942}") = "018", "018\018.vcxproj", "{412C3130-7316-4627-9530-54686352ABBC}"
EndProject
Project("{8BC9CEB8-8B4A-11D0-8D11-00A0C91BC942}") = "019", "019\019.vcxproj", "{412F74F1-BB2B-4844-8F51-A56CA9918B3A}"
EndProject
Project("{8BC9CEB8-8B4A-11D0-8D11-00A0C91BC942}") = "020", "020\020.vcxproj", "{6550BA8D-418F-4623-849A-FD3798D4B10A}"
EndProject
Project("{8BC9CEB8-8B4A-11D0-8D11-00A0C91BC942}") = "cs001", "cs001\cs001.vcxproj", "{E71772A3-5953-4834-8296-CBF12EAB336B}"
EndProject
Project("{8BC9CEB8-8B4A-11D0-8D11-00A0C91BC942}") = "cs002", "cs002\cs002.vcxproj", "{F256DC88-D389-43DC-A26B-28396253FD8A}"
EndProject
Project("{8BC9CEB8-8B4A-11D0-8D11-00A0C91BC942}") = "cs003", "cs003\cs003.vcxproj", "{9E1AD4FD-8F89-4B4B-B397-78E4E0D78B74}"
EndProject
Project("{8BC9CEB8-8B4A-11D0-8D11-00A0C91BC942}") = "cs004", "cs004\cs004.vcxproj", "{E41902C8-0CF7-4F22-85DE-95391134B031}"
EndProject
Project("{8BC9CEB8-8B4A-11D0-8D11-00A0C91BC942}") = "cs005", "cs005\cs005.vcxproj", "{63180956-90F6-4B16-8307-E2DC563406D1}"
EndProject
Project("{8BC9CEB8-8B4A-11D0-8D11-00A0C91BC942}") = "cs006", "cs006\cs006.vcxproj", "{5F824201-4B79-469D-BB13-AB371B11B466}"
EndProject
Project("{8BC9CEB8-8B4A-11D0-8D11-00A0C91BC942}") = "cs007", "cs007\cs007.vcxproj", "{48BADFA9-A72F-435B-94B2-CCCC18D14474}"
EndProject
Project("{8BC9CEB8-8B4A-11D0-8D11-00A0C91BC942}") = "cs008", "cs008\cs008.vcxproj", "{C5A7DA5E-5BAB-4C50-8F26-ABD00635849E}"
EndProject
Project("{8BC9CEB8-8B4A-11D0-8D11-00A0C91BC942}") = "cs009", "cs009\cs009.vcxproj", "{82C3EC6E-9E55-40E1-BC1E-2105B0B3C297}"
EndProject
Project("{8BC9CEB8-8B4A-11D0-8D11-00A0C91BC942}") = "cs010", "cs010\cs010.vcxproj", "{66520C4E-88AC-4F56-B5A6-E34A89B5334E}"
EndProject
Project("{8BC9CEB8-8B4A-11D0-8D11-00A0C91BC942}") = "cs011", "cs011\cs011.vcxproj", "{FDFADD10-9DBB-46B0-B970-EA6C96C9B280}"
EndProject
Project("{8BC9CEB8-8B4A-11D0-8D11-00A0C91BC942}") = "cs012", "cs012\cs012.vcxproj", "{DE72796C-57BE-43F9-8114-4BE1F54CCC68}"
EndProject
Project("{8BC9CEB8-8B4A-11D0-8D11-00A0C91BC942}") = "cs013", "cs013\cs013.vcxproj", "{7CF16E85-E9D5-48B1-8D47-7326D5D628EA}"
EndProject
Project("{8BC9CEB8-8B4A-11D0-8D11-00A0C91BC942}") = "cs014", "cs014\cs014.vcxproj", "{B2A9EAF8-0216-47D2-B5CB-C4370987805D}"
EndProject
Project("{8BC9CEB8-8B4A-11D0-8D11-00A0C91BC942}") = "cs015", "cs015\cs015.vcxproj", "{4C3B7BA9-E832-4737-B9AE-56B12A0A5BA9}"
EndProject
Project("{8BC9CEB8-8B4A-11D0-8D11-00A0C91BC942}") = "cs016", "cs016\cs016.vcxproj", "{861C3C89-1486-4769-B8CA-3440980BA135}"
EndProject
Project("{8BC9CEB8-8B4A-11D0-8D11-00A0C91BC942}") = "cs017", "cs017\cs017.vcxproj", "{4719A693-0AB8-404C-99B5-C0C5C9BF953C}"
EndProject
Project("{8BC9CEB8-8B4A-11D0-8D11-00A0C91BC942}") = "cs018", "cs018\cs018.vcxproj", "{4EAD9B79-3609-43DA-8D39-C687A87F15B7}"
EndProject
Project("{8BC9CEB8-8B4A-11D0-8D11-00A0C91BC942}") = "cs019", "cs019\cs019.vcxproj", "{839E9D23-4B43-4659-A49A-35AB81479C10}"
EndProject
Project("{8BC9CEB8-8B4A-11D0-8D11-00A0C91BC942}") = "cs020", "cs020\cs020.vcxproj", "{3BE5BB5F-FAAD-4284-B57E-BAB10513A277}"
EndProject
Project("{8BC9CEB8-8B4A-11D0-8D11-00A0C91BC942}") = "cs022", "cs022\cs022.vcxproj", "{4CDA6418-BDD0-4681-A621-DC5EFEB601D3}"
EndProject
Project("{8BC9CEB8-8B4A-11D0-8D11-00A0C91BC942}") = "cs023", "cs023\cs023.vcxproj", "{2FE37475-D1AE-41CB-8FBA-8CC69F58D6A8}"
EndProject
Project("{8BC9CEB8-8B4A-11D0-8D11-00A0C91BC942}") = "cs024", "cs024\cs024.vcxproj", "{435C46F3-1E69-4608-98F7-2A368D934CF9}"
EndProject
Global
	GlobalSection(SolutionConfigurationPlatforms) = preSolution
		Debug|x64 = Debug|x64
		Debug|x86 = Debug|x86
		Release|x64 = Release|x64
		Release|x86 = Release|x86
	EndGlobalSection
	GlobalSection(ProjectConfigurationPlatforms) = postSolution
		{6CDD8005-75FF-4F6E-BF56-3C0BAD69FDB4}.Debug|x64.ActiveCfg = Debug|x64
		{6CDD8005-75FF-4F6E-BF56-3C0BAD69FDB4}.Debug|x64.Build.0 = Debug|x64
		{6CDD8005-75FF-4F6E-BF56-3C0BAD69FDB4}.Debug|x86.ActiveCfg = Debug|Win32
		{6CDD8005-75FF-4F6E-BF56-3C0BAD69FDB4}.Debug|x86.Build.0 = Debug|Win32
		{6CDD8005-75FF-4F6E-BF56-3C0BAD69FDB4}.Release|x64.ActiveCfg = Release|x64
		{6CDD8005-75FF-4F6E-BF56-3C0BAD69FDB4}.Release|x64.Build.0 = Release|x64
		{6CDD8005-75FF-4F6E-BF56-3C0BAD69FDB4}.Release|x86.ActiveCfg = Release|Win32
		{6CDD8005-75FF-4F6E-BF56-3C0BAD69FDB4}.Release|x86.Build.0 = Release|Win32
		{2F74C32F-6BFF-42E4-A09F-3DDE82D4C8E5}.Debug|x64.ActiveCfg = Debug|x64
		{2F74C32F-6BFF-42E4-A09F-3DDE82D4C8E5}.Debug|x64.Build.0 = Debug|x64
		{2F74C32F-6BFF-42E4-A09F-3DDE82D4C8E5}.Debug|x86.ActiveCfg = Debug|Win32
		{2F74C32F-6BFF-42E4-A09F-3DDE82D4C8E5}.Debug|x86.Build.0 = Debug|Win32
		{2F74C32F-6BFF-42E4-A09F-3DDE82D4C8E5}.Release|x64.ActiveCfg = Release|x64
		{2F74C32F-6BFF-42E4-A09F-3DDE82D4C8E5}.Release|x64.Build.0 = Release|x64
		{2F74C32F-6BFF-42E4-A09F-3DDE82D4C8E5}.Release|x86.ActiveCfg = Release|Win32
		{2F74C32F-6BFF-42E4-A09F-3DDE82D4C8E5}.Release|x86.Build.0 = Release|Win32
		{37825916-0FAE-4C27-BB74-59689ABE70B8}.Debug|x64.ActiveCfg = Debug|x64
		{37825916-0FAE-4C27-BB74-59689ABE70B8}.Debug|x64.Build.0 = Debug|x64
		{37825916-0FAE-4C27-BB74-59689ABE70B8}.Debug|x86.ActiveCfg = Debug|Win32
		{37825916-0FAE-4C27-BB74-59689ABE70B8}.Debug|x86.Build.0 = Debug|Win32
		{37825916-0FAE-4C27-BB74-59689ABE70B8}.Release|x64.ActiveCfg = Release|x64
		{37825916-0FAE-4C27-BB74-59689ABE70B8}.Release|x64.Build.0 = Release|x64
		{37825916-0FAE-4C27-BB74-59689ABE70B8}.Release|x86.ActiveCfg = Release|Win32
		{37825916-0FAE-4C27-BB74-59689ABE70B8}.Release|x86.Build.0 = Release|Win32
		{E0EAC7EE-FBCB-44E3-9EB8-3348CF45BF7B}.Debug|x64.ActiveCfg = Debug|x64
		{E0EAC7EE-FBCB-44E3-9EB8-3348CF45BF7B}.Debug|x64.Build.0 = Debug|x64
		{E0EAC7EE-FBCB-44E3-9EB8-3348CF45BF7B}.Debug|x86.ActiveCfg = Debug|Win32
		{E0EAC7EE-FBCB-44E3-9EB8-3348CF45BF7B}.Debug|x86.Build.0 = Debug|Win32
		{E0EAC7EE-FBCB-44E3-9EB8-3348CF45BF7B}.Release|x64.ActiveCfg = Release|x64
		{E0EAC7EE-FBCB-44E3-9EB8-3348CF45BF7B}.Release|x64.Build.0 = Release|x64
		{E0EAC7EE-FBCB-44E3-9EB8-3348CF45BF7B}.Release|x86.ActiveCfg = Release|Win32
		{E0EAC7EE-FBCB-44E3-9EB8-3348CF45BF7B}.Release|x86.Build.0 = Release|Win32
		{CF06B8D0-DE70-462B-B8D1-E97CD0C7041D}.Debug|x64.ActiveCfg = Debug|x64
		{CF06B8D0-DE70-462B-B8D1-E97CD0C7041D}.Debug|x64.Build.0 = Debug|x64
		{CF06B8D0-DE70-462B-B8D1-E97CD0C7041D}.Debug|x86.ActiveCfg = Debug|Win32
		{CF06B8D0-DE70-462B-B8D1-E97CD0C7041D}.Debug|x86.Build.0 = Debug|Win32
		{CF06B8D0-DE70-462B-B8D1-E97CD0C7041D}.Release|x64.ActiveCfg = Release|x64
		{CF06B8D0-DE70-462B-B8D1-E97CD0C7041D}.Release|x64.Build.0 = Release|x64
		{CF06B8D0-DE70-462B-B8D1-E97CD0C7041D}.Release|x86.ActiveCfg = Release|Win32
		{CF06B8D0-DE70-462B-B8D1-E97CD0C7041D}.Release|x86.Build.0 = Release|Win32
		{8EE3ADBE-7AEE-4B8B-8905-6B7D7DE562B0}.Debug|x64.ActiveCfg = Debug|x64
		{8EE3ADBE-7AEE-4B8B-8905-6B7D7DE562B0}.Debug|x64.Build.0 = Debug|x64
		{8EE3ADBE-7AEE-4B8B-8905-6B7D7DE562B0}.Debug|x86.ActiveCfg = Debug|Win32
		{8EE3ADBE-7AEE-4B8B-8905-6B7D7DE562B0}.Debug|x86.Build.0 = Debug|Win32
		{8EE3ADBE-7AEE-4B8B-8905-6B7D7DE562B0}.Release|x64.ActiveCfg = Release|x64
		{8EE3ADBE-7AEE-4B8B-8905-6B7D7DE562B0}.Release|x64.Build.0 = Release|x64
		{8EE3ADBE-7AEE-4B8B-8905-6B7D7DE562B0}.Release|x86.ActiveCfg = Release|Win32
		{8EE3ADBE-7AEE-4B8B-8905-6B7D7DE562B0}.Release|x86.Build.0 = Release|Win32
		{3D0131E0-D17B-4B8A-B73E-E3A65B1BA0EE}.Debug|x64.ActiveCfg = Debug|x64
		{3D0131E0-D17B-4B8A-B73E-E3A65B1BA0EE}.Debug|x64.Build.0 = Debug|x64
		{3D0131E0-D17B-4B8A-B73E-E3A65B1BA0EE}.Debug|x86.ActiveCfg = Debug|Win32
		{3D0131E0-D17B-4B8A-B73E-E3A65B1BA0EE}.Debug|x86.Build.0 = Debug|Win32
		{3D0131E0-D17B-4B8A-B73E-E3A65B1BA0EE}.Release|x64.ActiveCfg = Release|x64
		{3D0131E0-D17B-4B8A-B73E-E3A65B1BA0EE}.Release|x64.Build.0 = Release|x64
		{3D0131E0-D17B-4B8A-B73E-E3A65B1BA0EE}.Release|x86.ActiveCfg = Release|Win32
		{3D0131E0-D17B-4B8A-B73E-E3A65B1BA0EE}.Release|x86.Build.0 = Release|Win32
		{A42AED4E-B171-48D3-9E38-0C0035D08BE7}.Debug|x64.ActiveCfg = Debug|x64
		{A42AED4E-B171-48D3-9E38-0C0035D08BE7}.Debug|x64.Build.0 = Debug|x64
		{A42AED4E-B171-48D3-9E38-0C0035D08BE7}.Debug|x86.ActiveCfg = Debug|Win32
		{A42AED4E-B171-48D3-9E38-0C0035D08BE7}.Debug|x86.Build.0 = Debug|Win32
		{A42AED4E-B171-48D3-9E38-0C0035D08BE7}.Release|x64.ActiveCfg = Release|x64
		{A42AED4E-B171-48D3-9E38-0C0035D08BE7}.Release|x64.Build.0 = Release|x64
		{A42AED4E-B171-48D3-9E38-0C0035D08BE7}.Release|x86.ActiveCfg = Release|Win32
		{A42AED4E-B171-48D3-9E38-0C0035D08BE7}.Release|x86.Build.0 = Release|Win32
		{135E9B87-ECF3-4ED2-BF8B-1D260948D803}.Debug|x64.ActiveCfg = Debug|x64
		{135E9B87-ECF3-4ED2-BF8B-1D260948D803}.Debug|x64.Build.0 = Debug|x64
		{135E9B87-ECF3-4ED2-BF8B-1D260948D803}.Debug|x86.ActiveCfg = Debug|Win32
		{135E9B87-ECF3-4ED2-BF8B-1D260948D803}.Debug|x86.Build.0 = Debug|Win32
		{135E9B87-ECF3-4ED2-BF8B-1D260948D803}.Release|x64.ActiveCfg = Release|x64
		{135E9B87-ECF3-4ED2-BF8B-1D260948D803}.Release|x64.Build.0 = Release|x64
		{135E9B87-ECF3-4ED2-BF8B-1D260948D803}.Release|x86.ActiveCfg = Release|Win32
		{135E9B87-ECF3-4ED2-BF8B-1D260948D803}.Release|x86.Build.0 = Release|Win32
		{7FA904DC-3876-4AC5-9D17-F3BF64D284C5}.Debug|x64.ActiveCfg = Debug|x64
		{7FA904DC-3876-4AC5-9D17-F3BF64D284C5}.Debug|x64.Build.0 = Debug|x64
		{7FA904DC-3876-4AC5-9D17-F3BF64D284C5}.Debug|x86.ActiveCfg = Debug|Win32
		{7FA904DC-3876-4AC5-9D17-F3BF64D284C5}.Debug|x86.Build.0 = Debug|Win32
		{7FA904DC-3876-4AC5-9D17-F3BF64D284C5}.Release|x64.ActiveCfg = Release|x64
		{7FA904DC-3876-4AC5-9D17-F3BF64D284C5}.Release|x64.Build.0 = Release|x64
		{7FA904DC-3876-4AC5-9D17-F3BF64D284C5}.Release|x86.ActiveCfg = Release|Win32
		{7FA904DC-3876-4AC5-9D17-F3BF64D284C5}.Release|x86.Build.0 = Release|Win32
		{44B3FC52-D5F4-4B0F-AAEB-8C7BE5F1504C}.Debug|x64.ActiveCfg = Debug|x64
		{44B3FC52-D5F4-4B0F-AAEB-8C7BE5F1504C}.Debug|x64.Build.0 = Debug|x64
		{44B3FC52-D5F4-4B0F-AAEB-8C7BE5F1504C}.Debug|x86.ActiveCfg = Debug|Win32
		{44B3FC52-D5F4-4B0F-AAEB-8C7BE5F1504C}.Debug|x86.Build.0 = Debug|Win32
		{44B3FC52-D5F4-4B0F-AAEB-8C7BE5F1504C}.Release|x64.ActiveCfg = Release|x64
		{44B3FC52-D5F4-4B0F-AAEB-8C7BE5F1504C}.Release|x64.Build.0 = Release|x64
		{44B3FC52-D5F4-4B0F-AAEB-8C7BE5F1504C}.Release|x86.ActiveCfg = Release|Win32
		{44B3FC52-D5F4-4B0F-AAEB-8C7BE5F1504C}.Release|x86.Build.0 = Release|Win32
		{18E9B5A5-3993-4419-8A9D-AFD6FF03A3E9}.Debug|x64.ActiveCfg = Debug|x64
		{18E9B5A5-3993-4419-8A9D-AFD6FF03A3E9}.Debug|x64.Build.0 = Debug|x64
		{18E9B5A5-3993-4419-8A9D-AFD6FF03A3E9}.Debug|x86.ActiveCfg = Debug|Win32
		{18E9B5A5-3993-4419-8A9D-AFD6FF03A3E9}.Debug|x86.Build.0 = Debug|Win32
		{18E9B5A5-3993-4419-8A9D-AFD6FF03A3E9}.Release|x64.ActiveCfg = Release|x64
		{18E9B5A5-3993-4419-8A9D-AFD6FF03A3E9}.Release|x64.Build.0 = Release|x64
		{18E9B5A5-3993-4419-8A9D-AFD6FF03A3E9}.Release|x86.ActiveCfg = Release|Win32
		{18E9B5A5-3993-4419-8A9D-AFD6FF03A3E9}.Release|x86.Build.0 = Release|Win32
		{A568AC31-E006-47BA-84C2-B92D78825224}.Debug|x64.ActiveCfg = Debug|x64
		{A568AC31-E006-47BA-84C2-B92D78825224}.Debug|x64.Build.0 = Debug|x64
		{A568AC31-E006-47BA-84C2-B92D78825224}.Debug|x86.ActiveCfg = Debug|Win32
		{A568AC31-E006-47BA-84C2-B92D78825224}.Debug|x86.Build.0 = Debug|Win32
		{A568AC31-E006-47BA-84C2-B92D78825224}.Release|x64.ActiveCfg = Release|x64
		{A568AC31-E006-47BA-84C2-B92D78825224}.Release|x64.Build.0 = Release|x64
		{A568AC31-E006-47BA-84C2-B92D78825224}.Release|x86.ActiveCfg = Release|Win32
		{A568AC31-E006-47BA-84C2-B92D78825224}.Release|x86.Build.0 = Release|Win32
		{3D2A214C-8A1A-46FD-B763-F490790C918D}.Debug|x64.ActiveCfg = Debug|x64
		{3D2A214C-8A1A-46FD-B763-F490790C918D}.Debug|x64.Build.0 = Debug|x64
		{3D2A214C-8A1A-46FD-B763-F490790C918D}.Debug|x86.ActiveCfg = Debug|Win32
		{3D2A214C-8A1A-46FD-B763-F490790C918D}.Debug|x86.Build.0 = Debug|Win32
		{3D2A214C-8A1A-46FD-B763-F490790C918D}.Release|x64.ActiveCfg = Release|x64
		{3D2A214C-8A1A-46FD-B763-F490790C918D}.Release|x64.Build.0 = Release|x64
		{3D2A214C-8A1A-46FD-B763-F490790C918D}.Release|x86.ActiveCfg = Release|Win32
		{3D2A214C-8A1A-46FD-B763-F490790C918D}.Release|x86.Build.0 = Release|Win32
		{C6F4F9A7-CA16-42E2-8C37-471FB0B9286F}.Debug|x64.ActiveCfg = Debug|x64
		{C6F4F9A7-CA16-42E2-8C37-471FB0B9286F}.Debug|x64.Build.0 = Debug|x64
		{C6F4F9A7-CA16-42E2-8C37-471FB0B9286F}.Debug|x86.ActiveCfg = Debug|Win32
		{C6F4F9A7-CA16-42E2-8C37-471FB0B9286F}.Debug|x86.Build.0 = Debug|Win32
		{C6F4F9A7-CA16-42E2-8C37-471FB0B9286F}.Release|x64.ActiveCfg = Release|x64
		{C6F4F9A7-CA16-42E2-8C37-471FB0B9286F}.Release|x64.Build.0 = Release|x64
		{C6F4F9A7-CA16-42E2-8C37-471FB0B9286F}.Release|x86.ActiveCfg = Release|Win32
		{C6F4F9A7-CA16-42E2-8C37-471FB0B9286F}.Release|x86.Build.0 = Release|Win32
		{9165CF62-C044-4591-84FF-1FF8814E65FE}.Debug|x64.ActiveCfg = Debug|x64
		{9165CF62-C044-4591-84FF-1FF8814E65FE}.Debug|x64.Build.0 = Debug|x64
		{9165CF62-C044-4591-84FF-1FF8814E65FE}.Debug|x86.ActiveCfg = Debug|Win32
		{9165CF62-C044-4591-84FF-1FF8814E65FE}.Debug|x86.Build.0 = Debug|Win32
		{9165CF62-C044-4591-84FF-1FF8814E65FE}.Release|x64.ActiveCfg = Release|x64
		{9165CF62-C044-4591-84FF-1FF8814E65FE}.Release|x64.Build.0 = Release|x64
		{9165CF62-C044-4591-84FF-1FF8814E65FE}.Release|x86.ActiveCfg = Release|Win32
		{9165CF62-C044-4591-84FF-1FF8814E65FE}.Release|x86.Build.0 = Release|Win32
		{F9CB0EC9-9B53-46D1-840A-49D3B1F6305D}.Debug|x64.ActiveCfg = Debug|x64
		{F9CB0EC9-9B53-46D1-840A-49D3B1F6305D}.Debug|x64.Build.0 = Debug|x64
		{F9CB0EC9-9B53-46D1-840A-49D3B1F6305D}.Debug|x86.ActiveCfg = Debug|Win32
		{F9CB0EC9-9B53-46D1-840A-49D3B1F6305D}.Debug|x86.Build.0 = Debug|Win32
		{F9CB0EC9-9B53-46D1-840A-49D3B1F6305D}.Release|x64.ActiveCfg = Release|x64
		{F9CB0EC9-9B53-46D1-840A-49D3B1F6305D}.Release|x64.Build.0 = Release|x64
		{F9CB0EC9-9B53-46D1-840A-49D3B1F6305D}.Release|x86.ActiveCfg = Release|Win32
		{F9CB0EC9-9B53-46D1-840A-49D3B1F6305D}.Release|x86.Build.0 = Release|Win32
		{A8E64031-BCB0-4132-A33A-B0AABD6E15E5}.Debug|x64.ActiveCfg = Debug|x64
		{A8E64031-BCB0-4132-A33A-B0AABD6E15E5}.Debug|x64.Build.0 = Debug|x64
		{A8E64031-BCB0-4132-A33A-B0AABD6E15E5}.Debug|x86.ActiveCfg = Debug|Win32
		{A8E64031-BCB0-4132-A33A-B0AABD6E15E5}.Debug|x86.Build.0 = Debug|Win32
		{A8E64031-BCB0-4132-A33A-B0AABD6E15E5}.Release|x64.ActiveCfg = Release|x64
		{A8E64031-BCB0-4132-A33A-B0AABD6E15E5}.Release|x64.Build.0 = Release|x64
		{A8E64031-BCB0-4132-A33A-B0AABD6E15E5}.Release|x86.ActiveCfg = Release|Win32
		{A8E64031-BCB0-4132-A33A-B0AABD6E15E5}.Release|x86.Build.0 = Release|Win32
		{74F7379A-6199-46DA-BF50-9B4D9F978E4D}.Debug|x64.ActiveCfg = Debug|x64
		{74F7379A-6199-46DA-BF50-9B4D9F978E4D}.Debug|x64.Build.0 = Debug|x64
		{74F7379A-6199-46DA-BF50-9B4D9F978E4D}.Debug|x86.ActiveCfg = Debug|Win32
		{74F7379A-6199-46DA-BF50-9B4D9F978E4D}.Debug|x86.Build.0 = Debug|Win32
		{74F7379A-6199-46DA-BF50-9B4D9F978E4D}.Release|x64.ActiveCfg = Release|x64
		{74F7379A-6199-46DA-BF50-9B4D9F978E4D}.Release|x64.Build.0 = Release|x64
		{74F7379A-6199-46DA-BF50-9B4D9F978E4D}.Release|x86.ActiveCfg = Release|Win32
		{74F7379A-6199-46DA-BF50-9B4D9F978E4D}.Release|x86.Build.0 = Release|Win32
		{4955A83E-37E6-4DC0-8E34-5328572D6D9F}.Debug|x64.ActiveCfg = Debug|x64
		{4955A83E-37E6-4DC0-8E34-5328572D6D9F}.Debug|x64.Build.0 = Debug|x64
		{4955A83E-37E6-4DC0-8E34-5328572D6D9F}.Debug|x86.ActiveCfg = Debug|Win32
		{4955A83E-37E6-4DC0-8E34-5328572D6D9F}.Debug|x86.Build.0 = Debug|Win32
		{4955A83E-37E6-4DC0-8E34-5328572D6D9F}.Release|x64.ActiveCfg = Release|x64
		{4955A83E-37E6-4DC0-8E34-5328572D6D9F}.Release|x64.Build.0 = Release|x64
		{4955A83E-37E6-4DC0-8E34-5328572D6D9F}.Release|x86.ActiveCfg = Release|Win32
		{4955A83E-37E6-4DC0-8E34-5328572D6D9F}.Release|x86.Build.0 = Release|Win32
		{E834B014-15D3-48E8-8669-3EA25F9CAC38}.Debug|x64.ActiveCfg = Debug|x64
		{E834B014-15D3-48E8-8669-3EA25F9CAC38}.Debug|x64.Build.0 = Debug|x64
		{E834B014-15D3-48E8-8669-3EA25F9CAC38}.Debug|x86.ActiveCfg = Debug|Win32
		{E834B014-15D3-48E8-8669-3EA25F9CAC38}.Debug|x86.Build.0 = Debug|Win32
		{E834B014-15D3-48E8-8669-3EA25F9CAC38}.Release|x64.ActiveCfg = Release|x64
		{E834B014-15D3-48E8-8669-3EA25F9CAC38}.Release|x64.Build.0 = Release|x64
		{E834B014-15D3-48E8-8669-3EA25F9CAC38}.Release|x86.ActiveCfg = Release|Win32
		{E834B014-15D3-48E8-8669-3EA25F9CAC38}.Release|x86.Build.0 = Release|Win32
		{4D40D0B6-497A-4FA4-94EC-70FC66847814}.Debug|x64.ActiveCfg = Debug|x64
		{4D40D0B6-497A-4FA4-94EC-70FC66847814}.Debug|x64.Build.0 = Debug|x64
		{4D40D0B6-497A-4FA4-94EC-70FC66847814}.Debug|x86.ActiveCfg = Debug|Win32
		{4D40D0B6-497A-4FA4-94EC-70FC66847814}.Debug|x86.Build.0 = Debug|Win32
		{4D40D0B6-497A-4FA4-94EC-70FC66847814}.Release|x64.ActiveCfg = Release|x64
		{4D40D0B6-497A-4FA4-94EC-70FC66847814}.Release|x64.Build.0 = Release|x64
		{4D40D0B6-497A-4FA4-94EC-70FC66847814}.Release|x86.ActiveCfg = Release|Win32
		{4D40D0B6-497A-4FA4-94EC-70FC66847814}.Release|x86.Build.0 = Release|Win32
		{9873523F-1446-40FB-A1AE-C2CE0D258033}.Debug|x64.ActiveCfg = Debug|x64
		{9873523F-1446-40FB-A1AE-C2CE0D258033}.Debug|x64.Build.0 = Debug|x64
		{9873523F-1446-40FB-A1AE-C2CE0D258033}.Debug|x86.ActiveCfg = Debug|Win32
		{9873523F-1446-40FB-A1AE-C2CE0D258033}.Debug|x86.Build.0 = Debug|Win32
		{9873523F-1446-40FB-A1AE-C2CE0D258033}.Release|x64.ActiveCfg = Release|x64
		{9873523F-1446-40FB-A1AE-C2CE0D258033}.Release|x64.Build.0 = Release|x64
		{9873523F-1446-40FB-A1AE-C2CE0D258033}.Release|x86.ActiveCfg = Release|Win32
		{9873523F-1446-40FB-A1AE-C2CE0D258033}.Release|x86.Build.0 = Release|Win32
		{412C3130-7316-4627-9530-54686352ABBC}.Debug|x64.ActiveCfg = Debug|x64
		{412C3130-7316-4627-9530-54686352ABBC}.Debug|x64.Build.0 = Debug|x64
		{412C3130-7316-4627-9530-54686352ABBC}.Debug|x86.ActiveCfg = Debug|Win32
		{412C3130-7316-4627-9530-54686352ABBC}.Debug|x86.Build.0 = Debug|Win32
		{412C3130-7316-4627-9530-54686352ABBC}.Release|x64.ActiveCfg = Release|x64
		{412C3130-7316-4627-9530-54686352ABBC}.Release|x64.Build.0 = Release|x64
		{412C3130-7316-4627-9530-54686352ABBC}.Release|x86.ActiveCfg = Release|Win32
		{412C3130-7316-4627-9530-54686352ABBC}.Release|x86.Build.0 = Release|Win32
		{412F74F1-BB2B-4844-8F51-A56CA9918B3A}.Debug|x64.ActiveCfg = Debug|x64
		{412F74F1-BB2B-4844-8F51-A56CA9918B3A}.Debug|x64.Build.0 = Debug|x64
		{412F74F1-BB2B-4844-8F51-A56CA9918B3A}.Debug|x86.ActiveCfg = Debug|Win32
		{412F74F1-BB2B-4844-8F51-A56CA9918B3A}.Debug|x86.Build.0 = Debug|Win32
		{412F74F1-BB2B-4844-8F51-A56CA9918B3A}.Release|x64.ActiveCfg = Release|x64
		{412F74F1-BB2B-4844-8F51-A56CA9918B3A}.Release|x64.Build.0 = Release|x64
		{412F74F1-BB2B-4844-8F51-A56CA9918B3A}.Release|x86.ActiveCfg = Release|Win32
		{412F74F1-BB2B-4844-8F51-A56CA9918B3A}.Release|x86.Build.0 = Release|Win32
		{6550BA8D-418F-4623-849A-FD3798D4B10A}.Debug|x64.ActiveCfg = Debug|x64
		{6550BA8D-418F-4623-849A-FD3798D4B10A}.Debug|x64.Build.0 = Debug|x64
		{6550BA8D-418F-4623-849A-FD3798D4B10A}.Debug|x86.ActiveCfg = Debug|Win32
		{6550BA8D-418F-4623-849A-FD3798D4B10A}.Debug|x86.Build.0 = Debug|Win32
		{6550BA8D-418F-4623-849A-FD3798D4B10A}.Release|x64.ActiveCfg = Release|x64
		{6550BA8D-418F-4623-849A-FD3798D4B10A}.Release|x64.Build.0 = Release|x64
		{6550BA8D-418F-4623-849A-FD3798D4B10A}.Release|x86.ActiveCfg = Release|Win32
		{6550BA8D-418F-4623-849A-FD3798D4B10A}.Release|x86.Build.0 = Release|Win32
		{E71772A3-5953-4834-8296-CBF12EAB336B}.Debug|x64.ActiveCfg = Debug|x64
		{E71772A3-5953-4834-8296-CBF12EAB336B}.Debug|x64.Build.0 = Debug|x64
		{E71772A3-5953-4834-8296-CBF12EAB336B}.Debug|x86.ActiveCfg = Debug|Win32
		{E71772A3-5953-4834-8296-CBF12EAB336B}.Debug|x86.Build.0 = Debug|Win32
		{E71772A3-5953-4834-8296-CBF12EAB336B}.Release|x64.ActiveCfg = Release|x64
		{E71772A3-5953-4834-8296-CBF12EAB336B}.Release|x64.Build.0 = Release|x64
		{E71772A3-5953-4834-8296-CBF12EAB336B}.Release|x86.ActiveCfg = Release|Win32
		{E71772A3-5953-4834-8296-CBF12EAB336B}.Release|x86.Build.0 = Release|Win32
		{F256DC88-D389-43DC-A26B-28396253FD8A}.Debug|x64.ActiveCfg = Debug|x64
		{F256DC88-D389-43DC-A26B-28396253FD8A}.Debug|x64.Build.0 = Debug|x64
		{F256DC88-D389-43DC-A26B-28396253FD8A}.Debug|x86.ActiveCfg = Debug|Win32
		{F256DC88-D389-43DC-A26B-28396253FD8A}.Debug|x86.Build.0 = Debug|Win32
		{F256DC88-D389-43DC-A26B-28396253FD8A}.Release|x64.ActiveCfg = Release|x64
		{F256DC88-D389-43DC-A26B-28396253FD8A}.Release|x64.Build.0 = Release|x64
		{F256DC88-D389-43DC-A26B-28396253FD8A}.Release|x86.ActiveCfg = Release|Win32
		{F256DC88-D389-43DC-A26B-28396253FD8A}.Release|x86.Build.0 = Release|Win32
		{9E1AD4FD-8F89-4B4B-B397-78E4E0D78B74}.Debug|x64.ActiveCfg = Debug|x64
		{9E1AD4FD-8F89-4B4B-B397-78E4E0D78B74}.Debug|x64.Build.0 = Debug|x64
		{9E1AD4FD-8F89-4B4B-B397-78E4E0D78B74}.Debug|x86.ActiveCfg = Debug|Win32
		{9E1AD4FD-8F89-4B4B-B397-78E4E0D78B74}.Debug|x86.Build.0 = Debug|Win32
		{9E1AD4FD-8F89-4B4B-B397-78E4E0D78B74}.Release|x64.ActiveCfg = Release|x64
		{9E1AD4FD-8F89-4B4B-B397-78E4E0D78B74}.Release|x64.Build.0 = Release|x64
		{9E1AD4FD-8F89-4B4B-B397-78E4E0D78B74}.Release|x86.ActiveCfg = Release|Win32
		{9E1AD4FD-8F89-4B4B-B397-78E4E0D78B74}.Release|x86.Build.0 = Release|Win32
		{E41902C8-0CF7-4F22-85DE-95391134B031}.Debug|x64.ActiveCfg = Debug|x64
		{E41902C8-0CF7-4F22-85DE-95391134B031}.Debug|x64.Build.0 = Debug|x64
		{E41902C8-0CF7-4F22-85DE-95391134B031}.Debug|x86.ActiveCfg = Debug|Win32
		{E41902C8-0CF7-4F22-85DE-95391134B031}.Debug|x86.Build.0 = Debug|Win32
		{E41902C8-0CF7-4F22-85DE-95391134B031}.Release|x64.ActiveCfg = Release|x64
		{E41902C8-0CF7-4F22-85DE-95391134B031}.Release|x64.Build.0 = Release|x64
		{E41902C8-0CF7-4F22-85DE-95391134B031}.Release|x86.ActiveCfg = Release|Win32
		{E41902C8-0CF7-4F22-85DE-95391134B031}.Release|x86.Build.0 = Release|Win32
		{63180956-90F6-4B16-8307-E2DC563406D1}.Debug|x64.ActiveCfg = Debug|x64
		{63180956-90F6-4B16-8307-E2DC563406D1}.Debug|x64.Build.0 = Debug|x64
		{63180956-90F6-4B16-8307-E2DC563406D1}.Debug|x86.ActiveCfg = Debug|Win32
		{63180956-90F6-4B16-8307-E2DC563406D1}.Debug|x86.Build.0 = Debug|Win32
		{63180956-90F6-4B16-8307-E2DC563406D1}.Release|x64.ActiveCfg = Release|x64
		{63180956-90F6-4B16-8307-E2DC563406D1}.Release|x64.Build.0 = Release|x64
		{63180956-90F6-4B16-8307-E2DC563406D1}.Release|x86.ActiveCfg = Release|Win32
		{63180956-90F6-4B16-8307-E2DC563406D1}.Release|x86.Build.0 = Release|Win32
		{5F824201-4B79-469D-BB13-AB371B11B466}.Debug|x64.ActiveCfg = Debug|x64
		{5F824201-4B79-469D-BB13-AB371B11B466}.Debug|x64.Build.0 = Debug|x64
		{5F824201-4B79-469D-BB13-AB371B11B466}.Debug|x86.ActiveCfg = Debug|Win32
		{5F824201-4B79-469D-BB13-AB371B11B466}.Debug|x86.Build.0 = Debug|Win32
		{5F824201-4B79-469D-BB13-AB371B11B466}.Release|x64.ActiveCfg = Release|x64
		{5F824201-4B79-469D-BB13-AB371B11B466}.Release|x64.Build.0 = Release|x64
		{5F824201-4B79-469D-BB13-AB371B11B466}.Release|x86.ActiveCfg = Release|Win32
		{5F824201-4B79-469D-BB13-AB371B11B466}.Release|x86.Build.0 = Release|Win32
		{48BADFA9-A72F-435B-94B2-CCCC18D14474}.Debug|x64.ActiveCfg = Debug|x64
		{48BADFA9-A72F-435B-94B2-CCCC18D14474}.Debug|x64.Build.0 = Debug|x64
		{48BADFA9-A72F-435B-94B2-CCCC18D14474}.Debug|x86.ActiveCfg = Debug|Win32
		{48BADFA9-A72F-435B-94B2-CCCC18D14474}.Debug|x86.Build.0 = Debug|Win32
		{48BADFA9-A72F-435B-94B2-CCCC18D14474}.Release|x64.ActiveCfg = Release|x64
		{48BADFA9-A72F-435B-94B2-CCCC18D14474}.Release|x64.Build.0 = Release|x64
		{48BADFA9-A72F-435B-94B2-CCCC18D14474}.Release|x86.ActiveCfg = Release|Win32
		{48BADFA9-A72F-435B-94B2-CCCC18D14474}.Release|x86.Build.0 = Release|Win32
		{C5A7DA5E-5BAB-4C50-8F26-ABD00635849E}.Debug|x64.ActiveCfg = Debug|x64
		{C5A7DA5E-5BAB-4C50-8F26-ABD00635849E}.Debug|x64.Build.0 = Debug|x64
		{C5A7DA5E-5BAB-4C50-8F26-ABD00635849E}.Debug|x86.ActiveCfg = Debug|Win32
		{C5A7DA5E-5BAB-4C50-8F26-ABD00635849E}.Debug|x86.Build.0 = Debug|Win32
		{C5A7DA5E-5BAB-4C50-8F26-ABD00635849E}.Release|x64.ActiveCfg = Release|x64
		{C5A7DA5E-5BAB-4C50-8F26-ABD00635849E}.Release|x64.Build.0 = Release|x64
		{C5A7DA5E-5BAB-4C50-8F26-ABD00635849E}.Release|x86.ActiveCfg = Release|Win32
		{C5A7DA5E-5BAB-4C50-8F26-ABD00635849E}.Release|x86.Build.0 = Release|Win32
		{82C3EC6E-9E55-40E1-BC1E-2105B0B3C297}.Debug|x64.ActiveCfg = Debug|x64
		{82C3EC6E-9E55-40E1-BC1E-2105B0B3C297}.Debug|x64.Build.0 = Debug|x64
		{82C3EC6E-9E55-40E1-BC1E-2105B0B3C297}.Debug|x86.ActiveCfg = Debug|Win32
		{82C3EC6E-9E55-40E1-BC1E-2105B0B3C297}.Debug|x86.Build.0 = Debug|Win32
		{82C3EC6E-9E55-40E1-BC1E-2105B0B3C297}.Release|x64.ActiveCfg = Release|x64
		{82C3EC6E-9E55-40E1-BC1E-2105B0B3C297}.Release|x64.Build.0 = Release|x64
		{82C3EC6E-9E55-40E1-BC1E-2105B0B3C297}.Release|x86.ActiveCfg = Release|Win32
		{82C3EC6E-9E55-40E1-BC1E-2105B0B3C297}.Release|x86.Build.0 = Release|Win32
		{66520C4E-88AC-4F56-B5A6-E34A89B5334E}.Debug|x64.ActiveCfg = Debug|x64
		{66520C4E-88AC-4F56-B5A6-E34A89B5334E}.Debug|x64.Build.0 = Debug|x64
		{66520C4E-88AC-4F56-B5A6-E34A89B5334E}.Debug|x86.ActiveCfg = Debug|Win32
		{66520C4E-88AC-4F56-B5A6-E34A89B5334E}.Debug|x86.Build.0 = Debug|Win32
		{66520C4E-88AC-4F56-B5A6-E34A89B5334E}.Release|x64.ActiveCfg = Release|x64
		{66520C4E-88AC-4F56-B5A6-E34A89B5334E}.Release|x64.Build.0 = Release|x64
		{66520C4E-88AC-4F56-B5A6-E34A89B5334E}.Release|x86.ActiveCfg = Release|Win32
		{66520C4E-88AC-4F56-B5A6-E34A89B5334E}.Release|x86.Build.0 = Release|Win32
		{FDFADD10-9DBB-46B0-B970-EA6C96C9B280}.Debug|x64.ActiveCfg = Debug|x64
		{FDFADD10-9DBB-46B0-B970-EA6C96C9B280}.Debug|x64.Build.0 = Debug|x64
		{FDFADD10-9DBB-46B0-B970-EA6C96C9B280}.Debug|x86.ActiveCfg = Debug|Win32
		{FDFADD10-9DBB-46B0-B970-EA6C96C9B280}.Debug|x86.Build.0 = Debug|Win32
		{FDFADD10-9DBB-46B0-B970-EA6C96C9B280}.Release|x64.ActiveCfg = Release|x64
		{FDFADD10-9DBB-46B0-B970-EA6C96C9B280}.Release|x64.Build.0 = Release|x64
		{FDFADD10-9DBB-46B0-B970-EA6C96C9B280}.Release|x86.ActiveCfg = Release|Win32
		{FDFADD10-9DBB-46B0-B970-EA6C96C9B280}.Release|x86.Build.0 = Release|Win32
		{DE72796C-57BE-43F9-8114-4BE1F54CCC68}.Debug|x64.ActiveCfg = Debug|x64
		{DE72796C-57BE-43F9-8114-4BE1F54CCC68}.Debug|x64.Build.0 = Debug|x64
		{DE72796C-57BE-43F9-8114-4BE1F54CCC68}.Debug|x86.ActiveCfg = Debug|Win32
		{DE72796C-57BE-43F9-8114-4BE1F54CCC68}.Debug|x86.Build.0 = Debug|Win32
		{DE72796C-57BE-43F9-8114-4BE1F54CCC68}.Release|x64.ActiveCfg = Release|x64
		{DE72796C-57BE-43F9-8114-4BE1F54CCC68}.Release|x64.Build.0 = Release|x64
		{DE72796C-57BE-43F9-8114-4BE1F54CCC68}.Release|x86.ActiveCfg = Release|Win32
		{DE72796C-57BE-43F9-8114-4BE1F54CCC68}.Release|x86.Build.0 = Release|Win32
		{7CF16E85-E9D5-48B1-8D47-7326D5D628EA}.Debug|x64.ActiveCfg = Debug|x64
		{7CF16E85-E9D5-48B1-8D47-7326D5D628EA}.Debug|x64.Build.0 = Debug|x64
		{7CF16E85-E9D5-48B1-8D47-7326D5D628EA}.Debug|x86.ActiveCfg = Debug|Win32
		{7CF16E85-E9D5-48B1-8D47-7326D5D628EA}.Debug|x86.Build.0 = Debug|Win32
		{7CF16E85-E9D5-48B1-8D47-7326D5D628EA}.Release|x64.ActiveCfg = Release|x64
		{7CF16E85-E9D5-48B1-8D47-7326D5D628EA}.Release|x64.Build.0 = Release|x64
		{7CF16E85-E9D5-48B1-8D47-7326D5D628EA}.Release|x86.ActiveCfg = Release|Win32
		{7CF16E85-E9D5-48B1-8D47-7326D5D628EA}.Release|x86.Build.0 = Release|Win32
		{B2A9EAF8-0216-47D2-B5CB-C4370987805D}.Debug|x64.ActiveCfg = Debug|x64
		{B2A9EAF8-0216-47D2-B5CB-C4370987805D}.Debug|x64.Build.0 = Debug|x64
		{B2A9EAF8-0216-47D2-B5CB-C4370987805D}.Debug|x86.ActiveCfg = Debug|Win32
		{B2A9EAF8-0216-47D2-B5CB-C4370987805D}.Debug|x86.Build.0 = Debug|Win32
		{B2A9EAF8-0216-47D2-B5CB-C4370987805D}.Release|x64.ActiveCfg = Release|x64
		{B2A9EAF8-0216-47D2-B5CB-C4370987805D}.Release|x64.Build.0 = Release|x64
		{B2A9EAF8-0216-47D2-B5CB-C4370987805D}.Release|x86.ActiveCfg = Release|Win32
		{B2A9EAF8-0216-47D2-B5CB-C4370987805D}.Release|x86.Build.0 = Release|Win32
		{4C3B7BA9-E832-4737-B9AE-56B12A0A5BA9}.Debug|x64.ActiveCfg = Debug|x64
		{4C3B7BA9-E832-4737-B9AE-56B12A0A5BA9}.Debug|x64.Build.0 = Debug|x64
		{4C3B7BA9-E832-4737-B9AE-56B12A0A5BA9}.Debug|x86.ActiveCfg = Debug|Win32
		{4C3B7BA9-E832-4737-B9AE-56B12A0A5BA9}.Debug|x86.Build.0 = Debug|Win32
		{4C3B7BA9-E832-4737-B9AE-56B12A0A5BA9}.Release|x64.ActiveCfg = Release|x64
		{4C3B7BA9-E832-4737-B9AE-56B12A0A5BA9}.Release|x64.Build.0 = Release|x64
		{4C3B7BA9-E832-4737-B9AE-56B12A0A5BA9}.Release|x86.ActiveCfg = Release|Win32
		{4C3B7BA9-E832-4737-B9AE-56B12A0A5BA9}.Release|x86.Build.0 = Release|Win32
		{861C3C89-1486-4769-B8CA-3440980BA135}.Debug|x64.ActiveCfg = Debug|x64
		{861C3C89-1486-4769-B8CA-3440980BA135}.Debug|x64.Build.0 = Debug|x64
		{861C3C89-1486-4769-B8CA-3440980BA135}.Debug|x86.ActiveCfg = Debug|Win32
		{861C3C89-1486-4769-B8CA-3440980BA135}.Debug|x86.Build.0 = Debug|Win32
		{861C3C89-1486-4769-B8CA-3440980BA135}.Release|x64.ActiveCfg = Release|x64
		{861C3C89-1486-4769-B8CA-3440980BA135}.Release|x64.Build.0 = Release|x64
		{861C3C89-1486-4769-B8CA-3440980BA135}.Release|x86.ActiveCfg = Release|Win32
		{861C3C89-1486-4769-B8CA-3440980BA135}.Release|x86.Build.0 = Release|Win32
		{4719A693-0AB8-404C-99B5-C0C5C9BF953C}.Debug|x64.ActiveCfg = Debug|x64
		{4719A693-0AB8-404C-99B5-C0C5C9BF953C}.Debug|x64.Build.0 = Debug|x64
		{4719A693-0AB8-404C-99B5-C0C5C9BF953C}.Debug|x86.ActiveCfg = Debug|Win32
		{4719A693-0AB8-404C-99B5-C0C5C9BF953C}.Debug|x86.Build.0 = Debug|Win32
		{4719A693-0AB8-404C-99B5-C0C5C9BF953C}.Release|x64.ActiveCfg = Release|x64
		{4719A693-0AB8-404C-99B5-C0C5C9BF953C}.Release|x64.Build.0 = Release|x64
		{4719A693-0AB8-404C-99B5-C0C5C9BF953C}.Release|x86.ActiveCfg = Release|Win32
		{4719A693-0AB8-404C-99B5-C0C5C9BF953C}.Release|x86.Build.0 = Release|Win32
		{4EAD9B79-3609-43DA-8D39-C687A87F15B7}.Debug|x64.ActiveCfg = Debug|x64
		{4EAD9B79-3609-43DA-8D39-C687A87F15B7}.Debug|x64.Build.0 = Debug|x64
		{4EAD9B79-3609-43DA-8D39-C687A87F15B7}.Debug|x86.ActiveCfg = Debug|Win32
		{4EAD9B79-3609-43DA-8D39-C687A87F15B7}.Debug|x86.Build.0 = Debug|Win32
		{4EAD9B79-3609-43DA-8D39-C687A87F15B7}.Release|x64.ActiveCfg = Release|x64
		{4EAD9B79-3609-43DA-8D39-C687A87F15B7}.Release|x64.Build.0 = Release|x64
		{4EAD9B79-3609-43DA-8D39-C687A87F15B7}.Release|x86.ActiveCfg = Release|Win32
		{4EAD9B79-3609-43DA-8D39-C687A87F15B7}.Release|x86.Build.0 = Release|Win32
		{839E9D23-4B43-4659-A49A-35AB81479C10}.Debug|x64.ActiveCfg = Debug|x64
		{839E9D23-4B43-4659-A49A-35AB81479C10}.Debug|x64.Build.0 = Debug|x64
		{839E9D23-4B43-4659-A49A-35AB81479C10}.Debug|x86.ActiveCfg = Debug|Win32
		{839E9D23-4B43-4659-A49A-35AB81479C10}.Debug|x86.Build.0 = Debug|Win32
		{839E9D23-4B43-4659-A49A-35AB81479C10}.Release|x64.ActiveCfg = Release|x64
		{839E9D23-4B43-4659-A49A-35AB81479C10}.Release|x64.Build.0 = Release|x64
		{839E9D23-4B43-4659-A49A-35AB81479C10}.Release|x86.ActiveCfg = Release|Win32
		{839E9D23-4B43-4659-A49A-35AB81479C10}.Release|x86.Build.0 = Release|Win32
		{3BE5BB5F-FAAD-4284-B57E-BAB10513A277}.Debug|x64.ActiveCfg = Debug|x64
		{3BE5BB5F-FAAD-4284-B57E-BAB10513A277}.Debug|x64.Build.0 = Debug|x64
		{3BE5BB5F-FAAD-4284-B57E-BAB10513A277}.Debug|x86.ActiveCfg = Debug|Win32
		{3BE5BB5F-FAAD-4284-B57E-BAB10513A277}.Debug|x86.Build.0 = Debug|Win32
		{3BE5BB5F-FAAD-4284-B57E-BAB10513A277}.Release|x64.ActiveCfg = Release|x64
		{3BE5BB5F-FAAD-4284-B57E-BAB10513A277}.Release|x64.Build.0 = Release|x64
		{3BE5BB5F-FAAD-4284-B57E-BAB10513A277}.Release|x86.ActiveCfg = Release|Win32
		{3BE5BB5F-FAAD-4284-B57E-BAB10513A277}.Release|x86.Build.0 = Release|Win32
		{4CDA6418-BDD0-4681-A621-DC5EFEB601D3}.Debug|x64.ActiveCfg = Debug|x64
		{4CDA6418-BDD0-4681-A621-DC5EFEB601D3}.Debug|x64.Build.0 = Debug|x64
		{4CDA6418-BDD0-4681-A621-DC5EFEB601D3}.Debug|x86.ActiveCfg = Debug|Win32
		{4CDA6418-BDD0-4681-A621-DC5EFEB601D3}.Debug|x86.Build.0 = Debug|Win32
		{4CDA6418-BDD0-4681-A621-DC5EFEB601D3}.Release|x64.ActiveCfg = Release|x64
		{4CDA6418-BDD0-4681-A621-DC5EFEB601D3}.Release|x64.Build.0 = Release|x64
		{4CDA6418-BDD0-4681-A621-DC5EFEB601D3}.Release|x86.ActiveCfg = Release|Win32
		{4CDA6418-BDD0-4681-A621-DC5EFEB601D3}.Release|x86.Build.0 = Release|Win32
		{2FE37475-D1AE-41CB-8FBA-8CC69F58D6A8}.Debug|x64.ActiveCfg = Debug|x64
		{2FE37475-D1AE-41CB-8FBA-8CC69F58D6A8}.Debug|x64.Build.0 = Debug|x64
		{2FE37475-D1AE-41CB-8FBA-8CC69F58D6A8}.Debug|x86.ActiveCfg = Debug|Win32
		{2FE37475-D1AE-41CB-8FBA-8CC69F58D6A8}.Debug|x86.Build.0 = Debug|Win32
		{2FE37475-D1AE-41CB-8FBA-8CC69F58D6A8}.Release|x64.ActiveCfg = Release|x64
		{2FE37475-D1AE-41CB-8FBA-8CC69F58D6A8}.Release|x64.Build.0 = Release|x64
		{2FE37475-D1AE-41CB-8FBA-8CC69F58D6A8}.Release|x86.ActiveCfg = Release|Win32
		{2FE37475-D1AE-41CB-8FBA-8CC69F58D6A8}.Release|x86.Build.0 = Release|Win32
		{435C46F3-1E69-4608-98F7-2A368D934CF9}.Debug|x64.ActiveCfg = Debug|x64
		{435C46F3-1E69-4608-98F7-2A368D934CF9}.Debug|x64.Build.0 = Debug|x64
		{435C46F3-1E69-4608-98F7-2A368D934CF9}.Debug|x86.ActiveCfg = Debug|Win32
		{435C46F3-1E69-4608-98F7-2A368D934CF9}.Debug|x86.Build.0 = Debug|Win32
		{435C46F3-1E69-4608-98F7-2A368D934CF9}.Release|x64.ActiveCfg = Release|x64
		{435C46F3-1E69-4608-98F7-2A368D934CF9}.Release|x64.Build.0 = Release|x64
		{435C46F3-1E69-4608-98F7-2A368D934CF9}.Release|x86.ActiveCfg = Release|Win32
		{435C46F3-1E69-4608-98F7-2A368D934CF9}.Release|x86.Build.0 = Release|Win32
	EndGlobalSection
	GlobalSection(SolutionProperties) = preSolution
		HideSolutionNode = FALSE
	EndGlobalSection
	GlobalSection(ExtensibilityGlobals) = postSolution
		SolutionGuid = {F220EBAB-3ECB-4D9B-873D-C0D9033DA4BA}
	EndGlobalSection
EndGlobal
