
Microsoft Visual Studio Solution File, Format Version 12.00
# Visual Studio Version 16
VisualStudioVersion = 16.0.31911.196
MinimumVisualStudioVersion = 10.0.40219.1
Project("{8BC9CEB8-8B4A-11D0-8D11-00A0C91BC942}") = "004", "004\004.vcxproj", "{075518AC-5CE8-43C4-B311-89E9A0A4368F}"
EndProject
Project("{8BC9CEB8-8B4A-11D0-8D11-00A0C91BC942}") = "005", "005\005.vcxproj", "{03972719-6B43-4B5F-9702-AF0B0B3541C2}"
EndProject
Project("{8BC9CEB8-8B4A-11D0-8D11-00A0C91BC942}") = "010", "010\010.vcxproj", "{9197AA74-CE66-4722-A3DD-053C595BA075}"
EndProject
Project("{8BC9CEB8-8B4A-11D0-8D11-00A0C91BC942}") = "011", "011\011.vcxproj", "{36DB6263-380B-4F60-ACA4-3F78A06FF10F}"
EndProject
Project("{8BC9CEB8-8B4A-11D0-8D11-00A0C91BC942}") = "013", "013\013.vcxproj", "{059335D2-8583-4ECB-AD8C-A1AF07D6187F}"
EndProject
Project("{8BC9CEB8-8B4A-11D0-8D11-00A0C91BC942}") = "015", "015\015.vcxproj", "{D44B10B9-53FB-4437-B3B8-A4113E405A53}"
EndProject
Project("{8BC9CEB8-8B4A-11D0-8D11-00A0C91BC942}") = "016", "016\016.vcxproj", "{C448BB4A-5D3E-4AFF-9A3D-EC73DE672E2F}"
EndProject
Project("{8BC9CEB8-8B4A-11D0-8D11-00A0C91BC942}") = "017", "017\017.vcxproj", "{3E3BF87F-9C91-4134-994B-E52F11198AD0}"
EndProject
Project("{8BC9CEB8-8B4A-11D0-8D11-00A0C91BC942}") = "018", "018\018.vcxproj", "{147A1707-C764-4933-A5E9-3014D7C69663}"
EndProject
Project("{8BC9CEB8-8B4A-11D0-8D11-00A0C91BC942}") = "020", "020\020.vcxproj", "{12BACF56-A8C2-40B6-B1FC-CB79193D78CC}"
EndProject
Project("{8BC9CEB8-8B4A-11D0-8D11-00A0C91BC942}") = "021", "021\021.vcxproj", "{B95CF44D-DCAE-4B8F-AF70-C36318B7827C}"
EndProject
Project("{8BC9CEB8-8B4A-11D0-8D11-00A0C91BC942}") = "022", "022\022.vcxproj", "{8C9154E6-7261-4337-9589-E52C8B22E21C}"
EndProject
Project("{8BC9CEB8-8B4A-11D0-8D11-00A0C91BC942}") = "023", "023\023.vcxproj", "{8F4C8271-2AE4-4C57-8DBB-B1F85CD6FA61}"
EndProject
Project("{8BC9CEB8-8B4A-11D0-8D11-00A0C91BC942}") = "024", "024\024.vcxproj", "{8D3C5CE7-256D-4903-ACFB-EA02CE533637}"
EndProject
Project("{8BC9CEB8-8B4A-11D0-8D11-00A0C91BC942}") = "025", "025\025.vcxproj", "{1BEC7E80-7300-4C06-8060-ED27882B6934}"
EndProject
Project("{8BC9CEB8-8B4A-11D0-8D11-00A0C91BC942}") = "026", "026\026.vcxproj", "{5266C61F-1EED-4BC3-9511-F6785FDE32F4}"
EndProject
Project("{8BC9CEB8-8B4A-11D0-8D11-00A0C91BC942}") = "027", "027\027.vcxproj", "{8186C77A-89D5-4E38-995E-C6461B16C235}"
EndProject
Project("{8BC9CEB8-8B4A-11D0-8D11-00A0C91BC942}") = "006", "006\006.vcxproj", "{857BB72C-0C3B-4D66-9076-9A28A8F788AC}"
EndProject
Project("{8BC9CEB8-8B4A-11D0-8D11-00A0C91BC942}") = "007", "007\007.vcxproj", "{E9EC4C21-B189-44AC-88D9-6F7F7745265B}"
EndProject
Project("{8BC9CEB8-8B4A-11D0-8D11-00A0C91BC942}") = "008", "008\008.vcxproj", "{21D45185-5BA0-41C8-8B0C-C5E6845B61E1}"
EndProject
Project("{8BC9CEB8-8B4A-11D0-8D11-00A0C91BC942}") = "009", "009\009.vcxproj", "{EE21BCD4-C95C-4D98-86D9-49E7B9A21895}"
EndProject
Project("{8BC9CEB8-8B4A-11D0-8D11-00A0C91BC942}") = "014", "014\014.vcxproj", "{09CDC10D-D557-48F1-B685-F1B0F3FF76CA}"
EndProject
Project("{8BC9CEB8-8B4A-11D0-8D11-00A0C91BC942}") = "019", "019\019.vcxproj", "{14AF677A-DE9B-494E-B11E-6DE53421B6C2}"
EndProject
Global
	GlobalSection(SolutionConfigurationPlatforms) = preSolution
		Debug|x64 = Debug|x64
		Debug|x86 = Debug|x86
		Release|x64 = Release|x64
		Release|x86 = Release|x86
	EndGlobalSection
	GlobalSection(ProjectConfigurationPlatforms) = postSolution
		{075518AC-5CE8-43C4-B311-89E9A0A4368F}.Debug|x64.ActiveCfg = Debug|x64
		{075518AC-5CE8-43C4-B311-89E9A0A4368F}.Debug|x64.Build.0 = Debug|x64
		{075518AC-5CE8-43C4-B311-89E9A0A4368F}.Debug|x86.ActiveCfg = Debug|Win32
		{075518AC-5CE8-43C4-B311-89E9A0A4368F}.Debug|x86.Build.0 = Debug|Win32
		{075518AC-5CE8-43C4-B311-89E9A0A4368F}.Release|x64.ActiveCfg = Release|x64
		{075518AC-5CE8-43C4-B311-89E9A0A4368F}.Release|x64.Build.0 = Release|x64
		{075518AC-5CE8-43C4-B311-89E9A0A4368F}.Release|x86.ActiveCfg = Release|Win32
		{075518AC-5CE8-43C4-B311-89E9A0A4368F}.Release|x86.Build.0 = Release|Win32
		{03972719-6B43-4B5F-9702-AF0B0B3541C2}.Debug|x64.ActiveCfg = Debug|x64
		{03972719-6B43-4B5F-9702-AF0B0B3541C2}.Debug|x64.Build.0 = Debug|x64
		{03972719-6B43-4B5F-9702-AF0B0B3541C2}.Debug|x86.ActiveCfg = Debug|Win32
		{03972719-6B43-4B5F-9702-AF0B0B3541C2}.Debug|x86.Build.0 = Debug|Win32
		{03972719-6B43-4B5F-9702-AF0B0B3541C2}.Release|x64.ActiveCfg = Release|x64
		{03972719-6B43-4B5F-9702-AF0B0B3541C2}.Release|x64.Build.0 = Release|x64
		{03972719-6B43-4B5F-9702-AF0B0B3541C2}.Release|x86.ActiveCfg = Release|Win32
		{03972719-6B43-4B5F-9702-AF0B0B3541C2}.Release|x86.Build.0 = Release|Win32
		{9197AA74-CE66-4722-A3DD-053C595BA075}.Debug|x64.ActiveCfg = Debug|x64
		{9197AA74-CE66-4722-A3DD-053C595BA075}.Debug|x64.Build.0 = Debug|x64
		{9197AA74-CE66-4722-A3DD-053C595BA075}.Debug|x86.ActiveCfg = Debug|Win32
		{9197AA74-CE66-4722-A3DD-053C595BA075}.Debug|x86.Build.0 = Debug|Win32
		{9197AA74-CE66-4722-A3DD-053C595BA075}.Release|x64.ActiveCfg = Release|x64
		{9197AA74-CE66-4722-A3DD-053C595BA075}.Release|x64.Build.0 = Release|x64
		{9197AA74-CE66-4722-A3DD-053C595BA075}.Release|x86.ActiveCfg = Release|Win32
		{9197AA74-CE66-4722-A3DD-053C595BA075}.Release|x86.Build.0 = Release|Win32
		{36DB6263-380B-4F60-ACA4-3F78A06FF10F}.Debug|x64.ActiveCfg = Debug|x64
		{36DB6263-380B-4F60-ACA4-3F78A06FF10F}.Debug|x64.Build.0 = Debug|x64
		{36DB6263-380B-4F60-ACA4-3F78A06FF10F}.Debug|x86.ActiveCfg = Debug|Win32
		{36DB6263-380B-4F60-ACA4-3F78A06FF10F}.Debug|x86.Build.0 = Debug|Win32
		{36DB6263-380B-4F60-ACA4-3F78A06FF10F}.Release|x64.ActiveCfg = Release|x64
		{36DB6263-380B-4F60-ACA4-3F78A06FF10F}.Release|x64.Build.0 = Release|x64
		{36DB6263-380B-4F60-ACA4-3F78A06FF10F}.Release|x86.ActiveCfg = Release|Win32
		{36DB6263-380B-4F60-ACA4-3F78A06FF10F}.Release|x86.Build.0 = Release|Win32
		{059335D2-8583-4ECB-AD8C-A1AF07D6187F}.Debug|x64.ActiveCfg = Debug|x64
		{059335D2-8583-4ECB-AD8C-A1AF07D6187F}.Debug|x64.Build.0 = Debug|x64
		{059335D2-8583-4ECB-AD8C-A1AF07D6187F}.Debug|x86.ActiveCfg = Debug|Win32
		{059335D2-8583-4ECB-AD8C-A1AF07D6187F}.Debug|x86.Build.0 = Debug|Win32
		{059335D2-8583-4ECB-AD8C-A1AF07D6187F}.Release|x64.ActiveCfg = Release|x64
		{059335D2-8583-4ECB-AD8C-A1AF07D6187F}.Release|x64.Build.0 = Release|x64
		{059335D2-8583-4ECB-AD8C-A1AF07D6187F}.Release|x86.ActiveCfg = Release|Win32
		{059335D2-8583-4ECB-AD8C-A1AF07D6187F}.Release|x86.Build.0 = Release|Win32
		{D44B10B9-53FB-4437-B3B8-A4113E405A53}.Debug|x64.ActiveCfg = Debug|x64
		{D44B10B9-53FB-4437-B3B8-A4113E405A53}.Debug|x64.Build.0 = Debug|x64
		{D44B10B9-53FB-4437-B3B8-A4113E405A53}.Debug|x86.ActiveCfg = Debug|Win32
		{D44B10B9-53FB-4437-B3B8-A4113E405A53}.Debug|x86.Build.0 = Debug|Win32
		{D44B10B9-53FB-4437-B3B8-A4113E405A53}.Release|x64.ActiveCfg = Release|x64
		{D44B10B9-53FB-4437-B3B8-A4113E405A53}.Release|x64.Build.0 = Release|x64
		{D44B10B9-53FB-4437-B3B8-A4113E405A53}.Release|x86.ActiveCfg = Release|Win32
		{D44B10B9-53FB-4437-B3B8-A4113E405A53}.Release|x86.Build.0 = Release|Win32
		{C448BB4A-5D3E-4AFF-9A3D-EC73DE672E2F}.Debug|x64.ActiveCfg = Debug|x64
		{C448BB4A-5D3E-4AFF-9A3D-EC73DE672E2F}.Debug|x64.Build.0 = Debug|x64
		{C448BB4A-5D3E-4AFF-9A3D-EC73DE672E2F}.Debug|x86.ActiveCfg = Debug|Win32
		{C448BB4A-5D3E-4AFF-9A3D-EC73DE672E2F}.Debug|x86.Build.0 = Debug|Win32
		{C448BB4A-5D3E-4AFF-9A3D-EC73DE672E2F}.Release|x64.ActiveCfg = Release|x64
		{C448BB4A-5D3E-4AFF-9A3D-EC73DE672E2F}.Release|x64.Build.0 = Release|x64
		{C448BB4A-5D3E-4AFF-9A3D-EC73DE672E2F}.Release|x86.ActiveCfg = Release|Win32
		{C448BB4A-5D3E-4AFF-9A3D-EC73DE672E2F}.Release|x86.Build.0 = Release|Win32
		{3E3BF87F-9C91-4134-994B-E52F11198AD0}.Debug|x64.ActiveCfg = Debug|x64
		{3E3BF87F-9C91-4134-994B-E52F11198AD0}.Debug|x64.Build.0 = Debug|x64
		{3E3BF87F-9C91-4134-994B-E52F11198AD0}.Debug|x86.ActiveCfg = Debug|Win32
		{3E3BF87F-9C91-4134-994B-E52F11198AD0}.Debug|x86.Build.0 = Debug|Win32
		{3E3BF87F-9C91-4134-994B-E52F11198AD0}.Release|x64.ActiveCfg = Release|x64
		{3E3BF87F-9C91-4134-994B-E52F11198AD0}.Release|x64.Build.0 = Release|x64
		{3E3BF87F-9C91-4134-994B-E52F11198AD0}.Release|x86.ActiveCfg = Release|Win32
		{3E3BF87F-9C91-4134-994B-E52F11198AD0}.Release|x86.Build.0 = Release|Win32
		{147A1707-C764-4933-A5E9-3014D7C69663}.Debug|x64.ActiveCfg = Debug|x64
		{147A1707-C764-4933-A5E9-3014D7C69663}.Debug|x64.Build.0 = Debug|x64
		{147A1707-C764-4933-A5E9-3014D7C69663}.Debug|x86.ActiveCfg = Debug|Win32
		{147A1707-C764-4933-A5E9-3014D7C69663}.Debug|x86.Build.0 = Debug|Win32
		{147A1707-C764-4933-A5E9-3014D7C69663}.Release|x64.ActiveCfg = Release|x64
		{147A1707-C764-4933-A5E9-3014D7C69663}.Release|x64.Build.0 = Release|x64
		{147A1707-C764-4933-A5E9-3014D7C69663}.Release|x86.ActiveCfg = Release|Win32
		{147A1707-C764-4933-A5E9-3014D7C69663}.Release|x86.Build.0 = Release|Win32
		{12BACF56-A8C2-40B6-B1FC-CB79193D78CC}.Debug|x64.ActiveCfg = Debug|x64
		{12BACF56-A8C2-40B6-B1FC-CB79193D78CC}.Debug|x64.Build.0 = Debug|x64
		{12BACF56-A8C2-40B6-B1FC-CB79193D78CC}.Debug|x86.ActiveCfg = Debug|Win32
		{12BACF56-A8C2-40B6-B1FC-CB79193D78CC}.Debug|x86.Build.0 = Debug|Win32
		{12BACF56-A8C2-40B6-B1FC-CB79193D78CC}.Release|x64.ActiveCfg = Release|x64
		{12BACF56-A8C2-40B6-B1FC-CB79193D78CC}.Release|x64.Build.0 = Release|x64
		{12BACF56-A8C2-40B6-B1FC-CB79193D78CC}.Release|x86.ActiveCfg = Release|Win32
		{12BACF56-A8C2-40B6-B1FC-CB79193D78CC}.Release|x86.Build.0 = Release|Win32
		{B95CF44D-DCAE-4B8F-AF70-C36318B7827C}.Debug|x64.ActiveCfg = Debug|x64
		{B95CF44D-DCAE-4B8F-AF70-C36318B7827C}.Debug|x64.Build.0 = Debug|x64
		{B95CF44D-DCAE-4B8F-AF70-C36318B7827C}.Debug|x86.ActiveCfg = Debug|Win32
		{B95CF44D-DCAE-4B8F-AF70-C36318B7827C}.Debug|x86.Build.0 = Debug|Win32
		{B95CF44D-DCAE-4B8F-AF70-C36318B7827C}.Release|x64.ActiveCfg = Release|x64
		{B95CF44D-DCAE-4B8F-AF70-C36318B7827C}.Release|x64.Build.0 = Release|x64
		{B95CF44D-DCAE-4B8F-AF70-C36318B7827C}.Release|x86.ActiveCfg = Release|Win32
		{B95CF44D-DCAE-4B8F-AF70-C36318B7827C}.Release|x86.Build.0 = Release|Win32
		{8C9154E6-7261-4337-9589-E52C8B22E21C}.Debug|x64.ActiveCfg = Debug|x64
		{8C9154E6-7261-4337-9589-E52C8B22E21C}.Debug|x64.Build.0 = Debug|x64
		{8C9154E6-7261-4337-9589-E52C8B22E21C}.Debug|x86.ActiveCfg = Debug|Win32
		{8C9154E6-7261-4337-9589-E52C8B22E21C}.Debug|x86.Build.0 = Debug|Win32
		{8C9154E6-7261-4337-9589-E52C8B22E21C}.Release|x64.ActiveCfg = Release|x64
		{8C9154E6-7261-4337-9589-E52C8B22E21C}.Release|x64.Build.0 = Release|x64
		{8C9154E6-7261-4337-9589-E52C8B22E21C}.Release|x86.ActiveCfg = Release|Win32
		{8C9154E6-7261-4337-9589-E52C8B22E21C}.Release|x86.Build.0 = Release|Win32
		{8F4C8271-2AE4-4C57-8DBB-B1F85CD6FA61}.Debug|x64.ActiveCfg = Debug|x64
		{8F4C8271-2AE4-4C57-8DBB-B1F85CD6FA61}.Debug|x64.Build.0 = Debug|x64
		{8F4C8271-2AE4-4C57-8DBB-B1F85CD6FA61}.Debug|x86.ActiveCfg = Debug|Win32
		{8F4C8271-2AE4-4C57-8DBB-B1F85CD6FA61}.Debug|x86.Build.0 = Debug|Win32
		{8F4C8271-2AE4-4C57-8DBB-B1F85CD6FA61}.Release|x64.ActiveCfg = Release|x64
		{8F4C8271-2AE4-4C57-8DBB-B1F85CD6FA61}.Release|x64.Build.0 = Release|x64
		{8F4C8271-2AE4-4C57-8DBB-B1F85CD6FA61}.Release|x86.ActiveCfg = Release|Win32
		{8F4C8271-2AE4-4C57-8DBB-B1F85CD6FA61}.Release|x86.Build.0 = Release|Win32
		{8D3C5CE7-256D-4903-ACFB-EA02CE533637}.Debug|x64.ActiveCfg = Debug|x64
		{8D3C5CE7-256D-4903-ACFB-EA02CE533637}.Debug|x64.Build.0 = Debug|x64
		{8D3C5CE7-256D-4903-ACFB-EA02CE533637}.Debug|x86.ActiveCfg = Debug|Win32
		{8D3C5CE7-256D-4903-ACFB-EA02CE533637}.Debug|x86.Build.0 = Debug|Win32
		{8D3C5CE7-256D-4903-ACFB-EA02CE533637}.Release|x64.ActiveCfg = Release|x64
		{8D3C5CE7-256D-4903-ACFB-EA02CE533637}.Release|x64.Build.0 = Release|x64
		{8D3C5CE7-256D-4903-ACFB-EA02CE533637}.Release|x86.ActiveCfg = Release|Win32
		{8D3C5CE7-256D-4903-ACFB-EA02CE533637}.Release|x86.Build.0 = Release|Win32
		{1BEC7E80-7300-4C06-8060-ED27882B6934}.Debug|x64.ActiveCfg = Debug|x64
		{1BEC7E80-7300-4C06-8060-ED27882B6934}.Debug|x64.Build.0 = Debug|x64
		{1BEC7E80-7300-4C06-8060-ED27882B6934}.Debug|x86.ActiveCfg = Debug|Win32
		{1BEC7E80-7300-4C06-8060-ED27882B6934}.Debug|x86.Build.0 = Debug|Win32
		{1BEC7E80-7300-4C06-8060-ED27882B6934}.Release|x64.ActiveCfg = Release|x64
		{1BEC7E80-7300-4C06-8060-ED27882B6934}.Release|x64.Build.0 = Release|x64
		{1BEC7E80-7300-4C06-8060-ED27882B6934}.Release|x86.ActiveCfg = Release|Win32
		{1BEC7E80-7300-4C06-8060-ED27882B6934}.Release|x86.Build.0 = Release|Win32
		{5266C61F-1EED-4BC3-9511-F6785FDE32F4}.Debug|x64.ActiveCfg = Debug|x64
		{5266C61F-1EED-4BC3-9511-F6785FDE32F4}.Debug|x64.Build.0 = Debug|x64
		{5266C61F-1EED-4BC3-9511-F6785FDE32F4}.Debug|x86.ActiveCfg = Debug|Win32
		{5266C61F-1EED-4BC3-9511-F6785FDE32F4}.Debug|x86.Build.0 = Debug|Win32
		{5266C61F-1EED-4BC3-9511-F6785FDE32F4}.Release|x64.ActiveCfg = Release|x64
		{5266C61F-1EED-4BC3-9511-F6785FDE32F4}.Release|x64.Build.0 = Release|x64
		{5266C61F-1EED-4BC3-9511-F6785FDE32F4}.Release|x86.ActiveCfg = Release|Win32
		{5266C61F-1EED-4BC3-9511-F6785FDE32F4}.Release|x86.Build.0 = Release|Win32
		{8186C77A-89D5-4E38-995E-C6461B16C235}.Debug|x64.ActiveCfg = Debug|x64
		{8186C77A-89D5-4E38-995E-C6461B16C235}.Debug|x64.Build.0 = Debug|x64
		{8186C77A-89D5-4E38-995E-C6461B16C235}.Debug|x86.ActiveCfg = Debug|Win32
		{8186C77A-89D5-4E38-995E-C6461B16C235}.Debug|x86.Build.0 = Debug|Win32
		{8186C77A-89D5-4E38-995E-C6461B16C235}.Release|x64.ActiveCfg = Release|x64
		{8186C77A-89D5-4E38-995E-C6461B16C235}.Release|x64.Build.0 = Release|x64
		{8186C77A-89D5-4E38-995E-C6461B16C235}.Release|x86.ActiveCfg = Release|Win32
		{8186C77A-89D5-4E38-995E-C6461B16C235}.Release|x86.Build.0 = Release|Win32
		{857BB72C-0C3B-4D66-9076-9A28A8F788AC}.Debug|x64.ActiveCfg = Debug|x64
		{857BB72C-0C3B-4D66-9076-9A28A8F788AC}.Debug|x64.Build.0 = Debug|x64
		{857BB72C-0C3B-4D66-9076-9A28A8F788AC}.Debug|x86.ActiveCfg = Debug|Win32
		{857BB72C-0C3B-4D66-9076-9A28A8F788AC}.Debug|x86.Build.0 = Debug|Win32
		{857BB72C-0C3B-4D66-9076-9A28A8F788AC}.Release|x64.ActiveCfg = Release|x64
		{857BB72C-0C3B-4D66-9076-9A28A8F788AC}.Release|x64.Build.0 = Release|x64
		{857BB72C-0C3B-4D66-9076-9A28A8F788AC}.Release|x86.ActiveCfg = Release|Win32
		{857BB72C-0C3B-4D66-9076-9A28A8F788AC}.Release|x86.Build.0 = Release|Win32
		{E9EC4C21-B189-44AC-88D9-6F7F7745265B}.Debug|x64.ActiveCfg = Debug|x64
		{E9EC4C21-B189-44AC-88D9-6F7F7745265B}.Debug|x64.Build.0 = Debug|x64
		{E9EC4C21-B189-44AC-88D9-6F7F7745265B}.Debug|x86.ActiveCfg = Debug|Win32
		{E9EC4C21-B189-44AC-88D9-6F7F7745265B}.Debug|x86.Build.0 = Debug|Win32
		{E9EC4C21-B189-44AC-88D9-6F7F7745265B}.Release|x64.ActiveCfg = Release|x64
		{E9EC4C21-B189-44AC-88D9-6F7F7745265B}.Release|x64.Build.0 = Release|x64
		{E9EC4C21-B189-44AC-88D9-6F7F7745265B}.Release|x86.ActiveCfg = Release|Win32
		{E9EC4C21-B189-44AC-88D9-6F7F7745265B}.Release|x86.Build.0 = Release|Win32
		{21D45185-5BA0-41C8-8B0C-C5E6845B61E1}.Debug|x64.ActiveCfg = Debug|x64
		{21D45185-5BA0-41C8-8B0C-C5E6845B61E1}.Debug|x64.Build.0 = Debug|x64
		{21D45185-5BA0-41C8-8B0C-C5E6845B61E1}.Debug|x86.ActiveCfg = Debug|Win32
		{21D45185-5BA0-41C8-8B0C-C5E6845B61E1}.Debug|x86.Build.0 = Debug|Win32
		{21D45185-5BA0-41C8-8B0C-C5E6845B61E1}.Release|x64.ActiveCfg = Release|x64
		{21D45185-5BA0-41C8-8B0C-C5E6845B61E1}.Release|x64.Build.0 = Release|x64
		{21D45185-5BA0-41C8-8B0C-C5E6845B61E1}.Release|x86.ActiveCfg = Release|Win32
		{21D45185-5BA0-41C8-8B0C-C5E6845B61E1}.Release|x86.Build.0 = Release|Win32
		{EE21BCD4-C95C-4D98-86D9-49E7B9A21895}.Debug|x64.ActiveCfg = Debug|x64
		{EE21BCD4-C95C-4D98-86D9-49E7B9A21895}.Debug|x64.Build.0 = Debug|x64
		{EE21BCD4-C95C-4D98-86D9-49E7B9A21895}.Debug|x86.ActiveCfg = Debug|Win32
		{EE21BCD4-C95C-4D98-86D9-49E7B9A21895}.Debug|x86.Build.0 = Debug|Win32
		{EE21BCD4-C95C-4D98-86D9-49E7B9A21895}.Release|x64.ActiveCfg = Release|x64
		{EE21BCD4-C95C-4D98-86D9-49E7B9A21895}.Release|x64.Build.0 = Release|x64
		{EE21BCD4-C95C-4D98-86D9-49E7B9A21895}.Release|x86.ActiveCfg = Release|Win32
		{EE21BCD4-C95C-4D98-86D9-49E7B9A21895}.Release|x86.Build.0 = Release|Win32
		{09CDC10D-D557-48F1-B685-F1B0F3FF76CA}.Debug|x64.ActiveCfg = Debug|x64
		{09CDC10D-D557-48F1-B685-F1B0F3FF76CA}.Debug|x64.Build.0 = Debug|x64
		{09CDC10D-D557-48F1-B685-F1B0F3FF76CA}.Debug|x86.ActiveCfg = Debug|Win32
		{09CDC10D-D557-48F1-B685-F1B0F3FF76CA}.Debug|x86.Build.0 = Debug|Win32
		{09CDC10D-D557-48F1-B685-F1B0F3FF76CA}.Release|x64.ActiveCfg = Release|x64
		{09CDC10D-D557-48F1-B685-F1B0F3FF76CA}.Release|x64.Build.0 = Release|x64
		{09CDC10D-D557-48F1-B685-F1B0F3FF76CA}.Release|x86.ActiveCfg = Release|Win32
		{09CDC10D-D557-48F1-B685-F1B0F3FF76CA}.Release|x86.Build.0 = Release|Win32
		{14AF677A-DE9B-494E-B11E-6DE53421B6C2}.Debug|x64.ActiveCfg = Debug|x64
		{14AF677A-DE9B-494E-B11E-6DE53421B6C2}.Debug|x64.Build.0 = Debug|x64
		{14AF677A-DE9B-494E-B11E-6DE53421B6C2}.Debug|x86.ActiveCfg = Debug|Win32
		{14AF677A-DE9B-494E-B11E-6DE53421B6C2}.Debug|x86.Build.0 = Debug|Win32
		{14AF677A-DE9B-494E-B11E-6DE53421B6C2}.Release|x64.ActiveCfg = Release|x64
		{14AF677A-DE9B-494E-B11E-6DE53421B6C2}.Release|x64.Build.0 = Release|x64
		{14AF677A-DE9B-494E-B11E-6DE53421B6C2}.Release|x86.ActiveCfg = Release|Win32
		{14AF677A-DE9B-494E-B11E-6DE53421B6C2}.Release|x86.Build.0 = Release|Win32
	EndGlobalSection
	GlobalSection(SolutionProperties) = preSolution
		HideSolutionNode = FALSE
	EndGlobalSection
	GlobalSection(ExtensibilityGlobals) = postSolution
		SolutionGuid = {C89316A4-1FF9-4580-8E42-6D85DF19156A}
	EndGlobalSection
EndGlobal
